PODS:
  - Alamofire (4.7.2)
  - IQKeyboardManagerSwift (6.0.1)
  - SnapKit (4.0.0)
  - SwiftyJSON (4.0.0)
  - SwiftyUserDefaults (3.0.1)

DEPENDENCIES:
  - Alamofire
  - IQKeyboardManagerSwift
  - SnapKit
  - SwiftyJSON
  - SwiftyUserDefaults

SPEC REPOS:
  https://github.com/CocoaPods/Specs.git:
    - Alamofire
    - IQKeyboardManagerSwift
    - SnapKit
    - SwiftyJSON
    - SwiftyUserDefaults

SPEC CHECKSUMS:
  Alamofire: e4fa87002c137ba2d8d634d2c51fabcda0d5c223
  IQKeyboardManagerSwift: 748d06e0f8134fc28934031e6377da3cf3d4f38c
  SnapKit: a42d492c16e80209130a3379f73596c3454b7694
  SwiftyJSON: 070dabdcb1beb81b247c65ffa3a79dbbfb3b48aa
  SwiftyUserDefaults: 3d273b1739b68ada3145dc754a70ec775bc5c8be

PODFILE CHECKSUM: dfba7dab8537d6552812bd40671f945d412aa54c

COCOAPODS: 1.5.0
