// !$*UTF8*$!
{
	archiveVersion = 1;
	classes = {
	};
	objectVersion = 48;
	objects = {

/* Begin PBXBuildFile section */
		1C2A65B920A1D9E2002C4C4C /* CustomTabBarController.swift in Sources */ = {isa = PBXBuildFile; fileRef = 1C2A65B820A1D9E2002C4C4C /* CustomTabBarController.swift */; };
		1C2A65BF20A217F1002C4C4C /* Extensions.swift in Sources */ = {isa = PBXBuildFile; fileRef = 1C2A65BE20A217F1002C4C4C /* Extensions.swift */; };
		1C2A65C220A21944002C4C4C /* ApiService.swift in Sources */ = {isa = PBXBuildFile; fileRef = 1C2A65C120A21944002C4C4C /* ApiService.swift */; };
		1C2A65C420A23D9C002C4C4C /* Util.swift in Sources */ = {isa = PBXBuildFile; fileRef = 1C2A65C320A23D9C002C4C4C /* Util.swift */; };
		1C2A65C620A24622002C4C4C /* Category.swift in Sources */ = {isa = PBXBuildFile; fileRef = 1C2A65C520A24622002C4C4C /* Category.swift */; };
		1C58966C208E555C001A5D5D /* AppDelegate.swift in Sources */ = {isa = PBXBuildFile; fileRef = 1C58966B208E555C001A5D5D /* AppDelegate.swift */; };
		1C589673208E555C001A5D5D /* Assets.xcassets in Resources */ = {isa = PBXBuildFile; fileRef = 1C589672208E555C001A5D5D /* Assets.xcassets */; };
		1C70C77C208E702C00F93CB7 /* Default-568h@2x.png in Resources */ = {isa = PBXBuildFile; fileRef = 1C70C77B208E702C00F93CB7 /* Default-568h@2x.png */; };
		1C70C77E208E877A00F93CB7 /* GoogleService-Info.plist in Resources */ = {isa = PBXBuildFile; fileRef = 1C70C77D208E877A00F93CB7 /* GoogleService-Info.plist */; };
		1CC5DCC7208FE65F00FF16B5 /* HomeController.swift in Sources */ = {isa = PBXBuildFile; fileRef = 1CC5DCC6208FE65F00FF16B5 /* HomeController.swift */; };
		1CC5DCCA208FEFFE00FF16B5 /* Globals.swift in Sources */ = {isa = PBXBuildFile; fileRef = 1CC5DCC9208FEFFE00FF16B5 /* Globals.swift */; };
		1CF3D567209CCDD700A2F896 /* GenericCell.swift in Sources */ = {isa = PBXBuildFile; fileRef = 1CF3D566209CCDD700A2F896 /* GenericCell.swift */; };
		A52CE9F93A4DBA3F35F392B7 /* Pods_chasquiApp.framework in Frameworks */ = {isa = PBXBuildFile; fileRef = 225B5E591109310F079BD383 /* Pods_chasquiApp.framework */; };
/* End PBXBuildFile section */

/* Begin PBXFileReference section */
		1C2A65B820A1D9E2002C4C4C /* CustomTabBarController.swift */ = {isa = PBXFileReference; lastKnownFileType = sourcecode.swift; path = CustomTabBarController.swift; sourceTree = "<group>"; };
		1C2A65BE20A217F1002C4C4C /* Extensions.swift */ = {isa = PBXFileReference; lastKnownFileType = sourcecode.swift; path = Extensions.swift; sourceTree = "<group>"; };
		1C2A65C120A21944002C4C4C /* ApiService.swift */ = {isa = PBXFileReference; lastKnownFileType = sourcecode.swift; path = ApiService.swift; sourceTree = "<group>"; };
		1C2A65C320A23D9C002C4C4C /* Util.swift */ = {isa = PBXFileReference; lastKnownFileType = sourcecode.swift; path = Util.swift; sourceTree = "<group>"; };
		1C2A65C520A24622002C4C4C /* Category.swift */ = {isa = PBXFileReference; lastKnownFileType = sourcecode.swift; path = Category.swift; sourceTree = "<group>"; };
		1C589668208E555C001A5D5D /* chasquiApp.app */ = {isa = PBXFileReference; explicitFileType = wrapper.application; includeInIndex = 0; path = chasquiApp.app; sourceTree = BUILT_PRODUCTS_DIR; };
		1C58966B208E555C001A5D5D /* AppDelegate.swift */ = {isa = PBXFileReference; lastKnownFileType = sourcecode.swift; path = AppDelegate.swift; sourceTree = "<group>"; };
		1C589672208E555C001A5D5D /* Assets.xcassets */ = {isa = PBXFileReference; lastKnownFileType = folder.assetcatalog; path = Assets.xcassets; sourceTree = "<group>"; };
		1C589677208E555C001A5D5D /* Info.plist */ = {isa = PBXFileReference; lastKnownFileType = text.plist.xml; path = Info.plist; sourceTree = "<group>"; };
		1C70C77B208E702C00F93CB7 /* Default-568h@2x.png */ = {isa = PBXFileReference; lastKnownFileType = image.png; path = "Default-568h@2x.png"; sourceTree = "<group>"; };
		1C70C77D208E877A00F93CB7 /* GoogleService-Info.plist */ = {isa = PBXFileReference; fileEncoding = 4; lastKnownFileType = text.plist.xml; path = "GoogleService-Info.plist"; sourceTree = "<group>"; };
		1CC5DCC6208FE65F00FF16B5 /* HomeController.swift */ = {isa = PBXFileReference; lastKnownFileType = sourcecode.swift; path = HomeController.swift; sourceTree = "<group>"; };
		1CC5DCC9208FEFFE00FF16B5 /* Globals.swift */ = {isa = PBXFileReference; lastKnownFileType = sourcecode.swift; path = Globals.swift; sourceTree = "<group>"; };
		1CF3D566209CCDD700A2F896 /* GenericCell.swift */ = {isa = PBXFileReference; lastKnownFileType = sourcecode.swift; path = GenericCell.swift; sourceTree = "<group>"; };
		21376E2EADDFE1ED10C892BA /* Pods-chasquiApp.debug.xcconfig */ = {isa = PBXFileReference; includeInIndex = 1; lastKnownFileType = text.xcconfig; name = "Pods-chasquiApp.debug.xcconfig"; path = "Pods/Target Support Files/Pods-chasquiApp/Pods-chasquiApp.debug.xcconfig"; sourceTree = "<group>"; };
		225B5E591109310F079BD383 /* Pods_chasquiApp.framework */ = {isa = PBXFileReference; explicitFileType = wrapper.framework; includeInIndex = 0; path = Pods_chasquiApp.framework; sourceTree = BUILT_PRODUCTS_DIR; };
		F50A73F7A12A54DC60C2A900 /* Pods-chasquiApp.release.xcconfig */ = {isa = PBXFileReference; includeInIndex = 1; lastKnownFileType = text.xcconfig; name = "Pods-chasquiApp.release.xcconfig"; path = "Pods/Target Support Files/Pods-chasquiApp/Pods-chasquiApp.release.xcconfig"; sourceTree = "<group>"; };
/* End PBXFileReference section */

/* Begin PBXFrameworksBuildPhase section */
		1C589665208E555C001A5D5D /* Frameworks */ = {
			isa = PBXFrameworksBuildPhase;
			buildActionMask = 2147483647;
			files = (
				A52CE9F93A4DBA3F35F392B7 /* Pods_chasquiApp.framework in Frameworks */,
			);
			runOnlyForDeploymentPostprocessing = 0;
		};
/* End PBXFrameworksBuildPhase section */

/* Begin PBXGroup section */
		1C2A65BA20A1DA31002C4C4C /* View */ = {
			isa = PBXGroup;
			children = (
				1CF3D565209CCDB100A2F896 /* Custom */,
			);
			path = View;
			sourceTree = "<group>";
		};
		1C2A65BB20A1DA37002C4C4C /* Model */ = {
			isa = PBXGroup;
			children = (
				1C2A65C520A24622002C4C4C /* Category.swift */,
			);
			path = Model;
			sourceTree = "<group>";
		};
		1C2A65BC20A1DA3D002C4C4C /* Controller */ = {
			isa = PBXGroup;
			children = (
				1CC5DCC4208FDE1A00FF16B5 /* TabBar */,
			);
			path = Controller;
			sourceTree = "<group>";
		};
		1C2A65BD20A217E1002C4C4C /* Utilities */ = {
			isa = PBXGroup;
			children = (
				1C2A65BE20A217F1002C4C4C /* Extensions.swift */,
				1C2A65C320A23D9C002C4C4C /* Util.swift */,
			);
			path = Utilities;
			sourceTree = "<group>";
		};
		1C2A65C020A21932002C4C4C /* ApiService */ = {
			isa = PBXGroup;
			children = (
				1C2A65C120A21944002C4C4C /* ApiService.swift */,
			);
			path = ApiService;
			sourceTree = "<group>";
		};
		1C58965F208E555C001A5D5D = {
			isa = PBXGroup;
			children = (
				1C70C77B208E702C00F93CB7 /* Default-568h@2x.png */,
				1C58966A208E555C001A5D5D /* chasquiApp */,
				1C589669208E555C001A5D5D /* Products */,
				BC1524124E63EC726B1CF16F /* Pods */,
				A445ACD88EB4C9146FAE57A0 /* Frameworks */,
			);
			sourceTree = "<group>";
		};
		1C589669208E555C001A5D5D /* Products */ = {
			isa = PBXGroup;
			children = (
				1C589668208E555C001A5D5D /* chasquiApp.app */,
			);
			name = Products;
			sourceTree = "<group>";
		};
		1C58966A208E555C001A5D5D /* chasquiApp */ = {
			isa = PBXGroup;
			children = (
				1C2A65C020A21932002C4C4C /* ApiService */,
				1C2A65BD20A217E1002C4C4C /* Utilities */,
				1C2A65BB20A1DA37002C4C4C /* Model */,
				1C2A65BA20A1DA31002C4C4C /* View */,
				1C2A65BC20A1DA3D002C4C4C /* Controller */,
				1CC5DCC8208FEFEB00FF16B5 /* Globals */,
				1C70C77F208E879000F93CB7 /* RemoteConfig */,
				1C58966B208E555C001A5D5D /* AppDelegate.swift */,
				1C589672208E555C001A5D5D /* Assets.xcassets */,
				1C589677208E555C001A5D5D /* Info.plist */,
				1C70C77D208E877A00F93CB7 /* GoogleService-Info.plist */,
			);
			path = chasquiApp;
			sourceTree = "<group>";
		};
		1C70C77F208E879000F93CB7 /* RemoteConfig */ = {
			isa = PBXGroup;
			children = (
			);
			path = RemoteConfig;
			sourceTree = "<group>";
		};
		1CC5DCC4208FDE1A00FF16B5 /* TabBar */ = {
			isa = PBXGroup;
			children = (
				1C2A65B820A1D9E2002C4C4C /* CustomTabBarController.swift */,
				1CC5DCC5208FDE2A00FF16B5 /* Home */,
			);
			path = TabBar;
			sourceTree = "<group>";
		};
		1CC5DCC5208FDE2A00FF16B5 /* Home */ = {
			isa = PBXGroup;
			children = (
				1CC5DCC6208FE65F00FF16B5 /* HomeController.swift */,
			);
			path = Home;
			sourceTree = "<group>";
		};
		1CC5DCC8208FEFEB00FF16B5 /* Globals */ = {
			isa = PBXGroup;
			children = (
				1CC5DCC9208FEFFE00FF16B5 /* Globals.swift */,
			);
			path = Globals;
			sourceTree = "<group>";
		};
		1CF3D565209CCDB100A2F896 /* Custom */ = {
			isa = PBXGroup;
			children = (
				1CF3D566209CCDD700A2F896 /* GenericCell.swift */,
			);
			path = Custom;
			sourceTree = "<group>";
		};
		A445ACD88EB4C9146FAE57A0 /* Frameworks */ = {
			isa = PBXGroup;
			children = (
				225B5E591109310F079BD383 /* Pods_chasquiApp.framework */,
			);
			name = Frameworks;
			sourceTree = "<group>";
		};
		BC1524124E63EC726B1CF16F /* Pods */ = {
			isa = PBXGroup;
			children = (
				21376E2EADDFE1ED10C892BA /* Pods-chasquiApp.debug.xcconfig */,
				F50A73F7A12A54DC60C2A900 /* Pods-chasquiApp.release.xcconfig */,
			);
			name = Pods;
			sourceTree = "<group>";
		};
/* End PBXGroup section */

/* Begin PBXNativeTarget section */
		1C589667208E555C001A5D5D /* chasquiApp */ = {
			isa = PBXNativeTarget;
			buildConfigurationList = 1C58967A208E555C001A5D5D /* Build configuration list for PBXNativeTarget "chasquiApp" */;
			buildPhases = (
				040A46E1B6BE4F768C338879 /* [CP] Check Pods Manifest.lock */,
				1C589664208E555C001A5D5D /* Sources */,
				1C589665208E555C001A5D5D /* Frameworks */,
				1C589666208E555C001A5D5D /* Resources */,
				E80C01DC9C70762B3C2BBD3A /* [CP] Embed Pods Frameworks */,
			);
			buildRules = (
			);
			dependencies = (
			);
			name = chasquiApp;
			productName = chasquiApp;
			productReference = 1C589668208E555C001A5D5D /* chasquiApp.app */;
			productType = "com.apple.product-type.application";
		};
/* End PBXNativeTarget section */

/* Begin PBXProject section */
		1C589660208E555C001A5D5D /* Project object */ = {
			isa = PBXProject;
			attributes = {
				LastSwiftUpdateCheck = 0920;
				LastUpgradeCheck = 0920;
				ORGANIZATIONNAME = "Gonzalo Toledo Aranguren";
				TargetAttributes = {
					1C589667208E555C001A5D5D = {
						CreatedOnToolsVersion = 9.2;
						ProvisioningStyle = Automatic;
					};
				};
			};
			buildConfigurationList = 1C589663208E555C001A5D5D /* Build configuration list for PBXProject "chasquiApp" */;
			compatibilityVersion = "Xcode 8.0";
			developmentRegion = en;
			hasScannedForEncodings = 0;
			knownRegions = (
				en,
				Base,
			);
			mainGroup = 1C58965F208E555C001A5D5D;
			productRefGroup = 1C589669208E555C001A5D5D /* Products */;
			projectDirPath = "";
			projectRoot = "";
			targets = (
				1C589667208E555C001A5D5D /* chasquiApp */,
			);
		};
/* End PBXProject section */

/* Begin PBXResourcesBuildPhase section */
		1C589666208E555C001A5D5D /* Resources */ = {
			isa = PBXResourcesBuildPhase;
			buildActionMask = 2147483647;
			files = (
				1C589673208E555C001A5D5D /* Assets.xcassets in Resources */,
				1C70C77C208E702C00F93CB7 /* Default-568h@2x.png in Resources */,
				1C70C77E208E877A00F93CB7 /* GoogleService-Info.plist in Resources */,
			);
			runOnlyForDeploymentPostprocessing = 0;
		};
/* End PBXResourcesBuildPhase section */

/* Begin PBXShellScriptBuildPhase section */
		040A46E1B6BE4F768C338879 /* [CP] Check Pods Manifest.lock */ = {
			isa = PBXShellScriptBuildPhase;
			buildActionMask = 2147483647;
			files = (
			);
			inputPaths = (
				"${PODS_PODFILE_DIR_PATH}/Podfile.lock",
				"${PODS_ROOT}/Manifest.lock",
			);
			name = "[CP] Check Pods Manifest.lock";
			outputPaths = (
				"$(DERIVED_FILE_DIR)/Pods-chasquiApp-checkManifestLockResult.txt",
			);
			runOnlyForDeploymentPostprocessing = 0;
			shellPath = /bin/sh;
			shellScript = "diff \"${PODS_PODFILE_DIR_PATH}/Podfile.lock\" \"${PODS_ROOT}/Manifest.lock\" > /dev/null\nif [ $? != 0 ] ; then\n    # print error to STDERR\n    echo \"error: The sandbox is not in sync with the Podfile.lock. Run 'pod install' or update your CocoaPods installation.\" >&2\n    exit 1\nfi\n# This output is used by Xcode 'outputs' to avoid re-running this script phase.\necho \"SUCCESS\" > \"${SCRIPT_OUTPUT_FILE_0}\"\n";
			showEnvVarsInLog = 0;
		};
		E80C01DC9C70762B3C2BBD3A /* [CP] Embed Pods Frameworks */ = {
			isa = PBXShellScriptBuildPhase;
			buildActionMask = 2147483647;
			files = (
			);
			inputPaths = (
				"${SRCROOT}/Pods/Target Support Files/Pods-chasquiApp/Pods-chasquiApp-frameworks.sh",
				"${BUILT_PRODUCTS_DIR}/Alamofire/Alamofire.framework",
				"${BUILT_PRODUCTS_DIR}/Cosmos/Cosmos.framework",
				"${BUILT_PRODUCTS_DIR}/GoogleToolboxForMac/GoogleToolboxForMac.framework",
				"${BUILT_PRODUCTS_DIR}/IGListKit/IGListKit.framework",
				"${BUILT_PRODUCTS_DIR}/IQKeyboardManagerSwift/IQKeyboardManagerSwift.framework",
				"${BUILT_PRODUCTS_DIR}/Protobuf/Protobuf.framework",
				"${BUILT_PRODUCTS_DIR}/SnapKit/SnapKit.framework",
				"${BUILT_PRODUCTS_DIR}/SwiftyJSON/SwiftyJSON.framework",
				"${BUILT_PRODUCTS_DIR}/SwiftyTimer/SwiftyTimer.framework",
				"${BUILT_PRODUCTS_DIR}/SwiftyUserDefaults/SwiftyUserDefaults.framework",
				"${BUILT_PRODUCTS_DIR}/nanopb/nanopb.framework",
			);
			name = "[CP] Embed Pods Frameworks";
			outputPaths = (
				"${TARGET_BUILD_DIR}/${FRAMEWORKS_FOLDER_PATH}/Alamofire.framework",
				"${TARGET_BUILD_DIR}/${FRAMEWORKS_FOLDER_PATH}/Cosmos.framework",
				"${TARGET_BUILD_DIR}/${FRAMEWORKS_FOLDER_PATH}/GoogleToolboxForMac.framework",
				"${TARGET_BUILD_DIR}/${FRAMEWORKS_FOLDER_PATH}/IGListKit.framework",
				"${TARGET_BUILD_DIR}/${FRAMEWORKS_FOLDER_PATH}/IQKeyboardManagerSwift.framework",
				"${TARGET_BUILD_DIR}/${FRAMEWORKS_FOLDER_PATH}/Protobuf.framework",
				"${TARGET_BUILD_DIR}/${FRAMEWORKS_FOLDER_PATH}/SnapKit.framework",
				"${TARGET_BUILD_DIR}/${FRAMEWORKS_FOLDER_PATH}/SwiftyJSON.framework",
				"${TARGET_BUILD_DIR}/${FRAMEWORKS_FOLDER_PATH}/SwiftyTimer.framework",
				"${TARGET_BUILD_DIR}/${FRAMEWORKS_FOLDER_PATH}/SwiftyUserDefaults.framework",
				"${TARGET_BUILD_DIR}/${FRAMEWORKS_FOLDER_PATH}/nanopb.framework",
			);
			runOnlyForDeploymentPostprocessing = 0;
			shellPath = /bin/sh;
			shellScript = "\"${SRCROOT}/Pods/Target Support Files/Pods-chasquiApp/Pods-chasquiApp-frameworks.sh\"\n";
			showEnvVarsInLog = 0;
		};
/* End PBXShellScriptBuildPhase section */

/* Begin PBXSourcesBuildPhase section */
		1C589664208E555C001A5D5D /* Sources */ = {
			isa = PBXSourcesBuildPhase;
			buildActionMask = 2147483647;
			files = (
				1CC5DCCA208FEFFE00FF16B5 /* Globals.swift in Sources */,
				1C2A65BF20A217F1002C4C4C /* Extensions.swift in Sources */,
				1C2A65B920A1D9E2002C4C4C /* CustomTabBarController.swift in Sources */,
				1C2A65C420A23D9C002C4C4C /* Util.swift in Sources */,
				1CF3D567209CCDD700A2F896 /* GenericCell.swift in Sources */,
				1C2A65C620A24622002C4C4C /* Category.swift in Sources */,
				1C58966C208E555C001A5D5D /* AppDelegate.swift in Sources */,
				1C2A65C220A21944002C4C4C /* ApiService.swift in Sources */,
				1CC5DCC7208FE65F00FF16B5 /* HomeController.swift in Sources */,
			);
			runOnlyForDeploymentPostprocessing = 0;
		};
/* End PBXSourcesBuildPhase section */

/* Begin XCBuildConfiguration section */
		1C589678208E555C001A5D5D /* Debug */ = {
			isa = XCBuildConfiguration;
			buildSettings = {
				ALWAYS_SEARCH_USER_PATHS = NO;
				CLANG_ANALYZER_NONNULL = YES;
				CLANG_ANALYZER_NUMBER_OBJECT_CONVERSION = YES_AGGRESSIVE;
				CLANG_CXX_LANGUAGE_STANDARD = "gnu++14";
				CLANG_CXX_LIBRARY = "libc++";
				CLANG_ENABLE_MODULES = YES;
				CLANG_ENABLE_OBJC_ARC = YES;
				CLANG_WARN_BLOCK_CAPTURE_AUTORELEASING = YES;
				CLANG_WARN_BOOL_CONVERSION = YES;
				CLANG_WARN_COMMA = YES;
				CLANG_WARN_CONSTANT_CONVERSION = YES;
				CLANG_WARN_DIRECT_OBJC_ISA_USAGE = YES_ERROR;
				CLANG_WARN_DOCUMENTATION_COMMENTS = YES;
				CLANG_WARN_EMPTY_BODY = YES;
				CLANG_WARN_ENUM_CONVERSION = YES;
				CLANG_WARN_INFINITE_RECURSION = YES;
				CLANG_WARN_INT_CONVERSION = YES;
				CLANG_WARN_NON_LITERAL_NULL_CONVERSION = YES;
				CLANG_WARN_OBJC_LITERAL_CONVERSION = YES;
				CLANG_WARN_OBJC_ROOT_CLASS = YES_ERROR;
				CLANG_WARN_RANGE_LOOP_ANALYSIS = YES;
				CLANG_WARN_STRICT_PROTOTYPES = YES;
				CLANG_WARN_SUSPICIOUS_MOVE = YES;
				CLANG_WARN_UNGUARDED_AVAILABILITY = YES_AGGRESSIVE;
				CLANG_WARN_UNREACHABLE_CODE = YES;
				CLANG_WARN__DUPLICATE_METHOD_MATCH = YES;
				CODE_SIGN_IDENTITY = "iPhone Developer";
				COPY_PHASE_STRIP = NO;
				DEBUG_INFORMATION_FORMAT = dwarf;
				ENABLE_STRICT_OBJC_MSGSEND = YES;
				ENABLE_TESTABILITY = YES;
				GCC_C_LANGUAGE_STANDARD = gnu11;
				GCC_DYNAMIC_NO_PIC = NO;
				GCC_NO_COMMON_BLOCKS = YES;
				GCC_OPTIMIZATION_LEVEL = 0;
				GCC_PREPROCESSOR_DEFINITIONS = (
					"DEBUG=1",
					"$(inherited)",
				);
				GCC_WARN_64_TO_32_BIT_CONVERSION = YES;
				GCC_WARN_ABOUT_RETURN_TYPE = YES_ERROR;
				GCC_WARN_UNDECLARED_SELECTOR = YES;
				GCC_WARN_UNINITIALIZED_AUTOS = YES_AGGRESSIVE;
				GCC_WARN_UNUSED_FUNCTION = YES;
				GCC_WARN_UNUSED_VARIABLE = YES;
				IPHONEOS_DEPLOYMENT_TARGET = 11.2;
				MTL_ENABLE_DEBUG_INFO = YES;
				ONLY_ACTIVE_ARCH = YES;
				SDKROOT = iphoneos;
				SWIFT_ACTIVE_COMPILATION_CONDITIONS = DEBUG;
				SWIFT_OPTIMIZATION_LEVEL = "-Onone";
			};
			name = Debug;
		};
		1C589679208E555C001A5D5D /* Release */ = {
			isa = XCBuildConfiguration;
			buildSettings = {
				ALWAYS_SEARCH_USER_PATHS = NO;
				CLANG_ANALYZER_NONNULL = YES;
				CLANG_ANALYZER_NUMBER_OBJECT_CONVERSION = YES_AGGRESSIVE;
				CLANG_CXX_LANGUAGE_STANDARD = "gnu++14";
				CLANG_CXX_LIBRARY = "libc++";
				CLANG_ENABLE_MODULES = YES;
				CLANG_ENABLE_OBJC_ARC = YES;
				CLANG_WARN_BLOCK_CAPTURE_AUTORELEASING = YES;
				CLANG_WARN_BOOL_CONVERSION = YES;
				CLANG_WARN_COMMA = YES;
				CLANG_WARN_CONSTANT_CONVERSION = YES;
				CLANG_WARN_DIRECT_OBJC_ISA_USAGE = YES_ERROR;
				CLANG_WARN_DOCUMENTATION_COMMENTS = YES;
				CLANG_WARN_EMPTY_BODY = YES;
				CLANG_WARN_ENUM_CONVERSION = YES;
				CLANG_WARN_INFINITE_RECURSION = YES;
				CLANG_WARN_INT_CONVERSION = YES;
				CLANG_WARN_NON_LITERAL_NULL_CONVERSION = YES;
				CLANG_WARN_OBJC_LITERAL_CONVERSION = YES;
				CLANG_WARN_OBJC_ROOT_CLASS = YES_ERROR;
				CLANG_WARN_RANGE_LOOP_ANALYSIS = YES;
				CLANG_WARN_STRICT_PROTOTYPES = YES;
				CLANG_WARN_SUSPICIOUS_MOVE = YES;
				CLANG_WARN_UNGUARDED_AVAILABILITY = YES_AGGRESSIVE;
				CLANG_WARN_UNREACHABLE_CODE = YES;
				CLANG_WARN__DUPLICATE_METHOD_MATCH = YES;
				CODE_SIGN_IDENTITY = "iPhone Developer";
				COPY_PHASE_STRIP = NO;
				DEBUG_INFORMATION_FORMAT = "dwarf-with-dsym";
				ENABLE_NS_ASSERTIONS = NO;
				ENABLE_STRICT_OBJC_MSGSEND = YES;
				GCC_C_LANGUAGE_STANDARD = gnu11;
				GCC_NO_COMMON_BLOCKS = YES;
				GCC_WARN_64_TO_32_BIT_CONVERSION = YES;
				GCC_WARN_ABOUT_RETURN_TYPE = YES_ERROR;
				GCC_WARN_UNDECLARED_SELECTOR = YES;
				GCC_WARN_UNINITIALIZED_AUTOS = YES_AGGRESSIVE;
				GCC_WARN_UNUSED_FUNCTION = YES;
				GCC_WARN_UNUSED_VARIABLE = YES;
				IPHONEOS_DEPLOYMENT_TARGET = 11.2;
				MTL_ENABLE_DEBUG_INFO = NO;
				SDKROOT = iphoneos;
				SWIFT_OPTIMIZATION_LEVEL = "-Owholemodule";
				VALIDATE_PRODUCT = YES;
			};
			name = Release;
		};
		1C58967B208E555C001A5D5D /* Debug */ = {
			isa = XCBuildConfiguration;
			baseConfigurationReference = 21376E2EADDFE1ED10C892BA /* Pods-chasquiApp.debug.xcconfig */;
			buildSettings = {
				ASSETCATALOG_COMPILER_APPICON_NAME = AppIcon;
				CODE_SIGN_STYLE = Automatic;
				INFOPLIST_FILE = chasquiApp/Info.plist;
				IPHONEOS_DEPLOYMENT_TARGET = 11.0;
				LD_RUNPATH_SEARCH_PATHS = "$(inherited) @executable_path/Frameworks";
				PRODUCT_BUNDLE_IDENTIFIER = gonzalotoledo.university.chasquiApp;
				PRODUCT_NAME = "$(TARGET_NAME)";
				SWIFT_VERSION = 4.0;
				TARGETED_DEVICE_FAMILY = "1,2";
			};
			name = Debug;
		};
		1C58967C208E555C001A5D5D /* Release */ = {
			isa = XCBuildConfiguration;
			baseConfigurationReference = F50A73F7A12A54DC60C2A900 /* Pods-chasquiApp.release.xcconfig */;
			buildSettings = {
				ASSETCATALOG_COMPILER_APPICON_NAME = AppIcon;
				CODE_SIGN_STYLE = Automatic;
				INFOPLIST_FILE = chasquiApp/Info.plist;
				IPHONEOS_DEPLOYMENT_TARGET = 11.0;
				LD_RUNPATH_SEARCH_PATHS = "$(inherited) @executable_path/Frameworks";
				PRODUCT_BUNDLE_IDENTIFIER = gonzalotoledo.university.chasquiApp;
				PRODUCT_NAME = "$(TARGET_NAME)";
				SWIFT_VERSION = 4.0;
				TARGETED_DEVICE_FAMILY = "1,2";
			};
			name = Release;
		};
/* End XCBuildConfiguration section */

/* Begin XCConfigurationList section */
		1C589663208E555C001A5D5D /* Build configuration list for PBXProject "chasquiApp" */ = {
			isa = XCConfigurationList;
			buildConfigurations = (
				1C589678208E555C001A5D5D /* Debug */,
				1C589679208E555C001A5D5D /* Release */,
			);
			defaultConfigurationIsVisible = 0;
			defaultConfigurationName = Release;
		};
		1C58967A208E555C001A5D5D /* Build configuration list for PBXNativeTarget "chasquiApp" */ = {
			isa = XCConfigurationList;
			buildConfigurations = (
				1C58967B208E555C001A5D5D /* Debug */,
				1C58967C208E555C001A5D5D /* Release */,
			);
			defaultConfigurationIsVisible = 0;
			defaultConfigurationName = Release;
		};
/* End XCConfigurationList section */
	};
	rootObject = 1C589660208E555C001A5D5D /* Project object */;
}
