// !$*UTF8*$!
{
	archiveVersion = 1;
	classes = {
	};
	objectVersion = 48;
	objects = {

/* Begin PBXBuildFile section */
		1C181FFF20C6F6BC00BA48C5 /* SearchViewController.swift in Sources */ = {isa = PBXBuildFile; fileRef = 1C181FFE20C6F6BC00BA48C5 /* SearchViewController.swift */; };
		1C18200120C6F93100BA48C5 /* Place.swift in Sources */ = {isa = PBXBuildFile; fileRef = 1C18200020C6F93100BA48C5 /* Place.swift */; };
		1C18200520C6FB7000BA48C5 /* NearSectionController.swift in Sources */ = {isa = PBXBuildFile; fileRef = 1C18200420C6FB7000BA48C5 /* NearSectionController.swift */; };
		1C18200720C6FB8600BA48C5 /* RecentsSectionController.swift in Sources */ = {isa = PBXBuildFile; fileRef = 1C18200620C6FB8600BA48C5 /* RecentsSectionController.swift */; };
		1C18200A20C6FD0600BA48C5 /* NearCell.swift in Sources */ = {isa = PBXBuildFile; fileRef = 1C18200920C6FD0600BA48C5 /* NearCell.swift */; };
		1C18200C20C6FD0F00BA48C5 /* RecentCell.swift in Sources */ = {isa = PBXBuildFile; fileRef = 1C18200B20C6FD0F00BA48C5 /* RecentCell.swift */; };
		1C18200E20C6FD2300BA48C5 /* RecentsHeaderView.swift in Sources */ = {isa = PBXBuildFile; fileRef = 1C18200D20C6FD2300BA48C5 /* RecentsHeaderView.swift */; };
		1C18E6BB20E29BE60079C8D9 /* ServiceFooterView.swift in Sources */ = {isa = PBXBuildFile; fileRef = 1C18E6BA20E29BE60079C8D9 /* ServiceFooterView.swift */; };
		1C18E6BF20E2C0490079C8D9 /* MakeACommentController.swift in Sources */ = {isa = PBXBuildFile; fileRef = 1C18E6BE20E2C0490079C8D9 /* MakeACommentController.swift */; };
		1C18E6C220E2D10C0079C8D9 /* MiCuentaViewController.swift in Sources */ = {isa = PBXBuildFile; fileRef = 1C18E6C120E2D10C0079C8D9 /* MiCuentaViewController.swift */; };
		1C18E6C420E2D1190079C8D9 /* MiCuentaDetailViewController.swift in Sources */ = {isa = PBXBuildFile; fileRef = 1C18E6C320E2D1190079C8D9 /* MiCuentaDetailViewController.swift */; };
		1C18E6C620E2D2670079C8D9 /* User.swift in Sources */ = {isa = PBXBuildFile; fileRef = 1C18E6C520E2D2670079C8D9 /* User.swift */; };
		1C18E6C920E2E3DB0079C8D9 /* CommentsSectionController.swift in Sources */ = {isa = PBXBuildFile; fileRef = 1C18E6C820E2E3DA0079C8D9 /* CommentsSectionController.swift */; };
		1C18E6CC20E2EC840079C8D9 /* AddCommentController.swift in Sources */ = {isa = PBXBuildFile; fileRef = 1C18E6CB20E2EC840079C8D9 /* AddCommentController.swift */; };
		1C1B304920F0013D0084360D /* AddQuestionController.swift in Sources */ = {isa = PBXBuildFile; fileRef = 1C1B304820EFF52E0084360D /* AddQuestionController.swift */; };
		1C1B304C20F003DF0084360D /* MoreQuestionsController.swift in Sources */ = {isa = PBXBuildFile; fileRef = 1C1B304B20F0038A0084360D /* MoreQuestionsController.swift */; };
		1C1B304E20F005FE0084360D /* QuestionsSectionControllerCopy.swift in Sources */ = {isa = PBXBuildFile; fileRef = 1C1B304D20F005FE0084360D /* QuestionsSectionControllerCopy.swift */; };
		1C2A65B920A1D9E2002C4C4C /* CustomTabBarController.swift in Sources */ = {isa = PBXBuildFile; fileRef = 1C2A65B820A1D9E2002C4C4C /* CustomTabBarController.swift */; };
		1C2A65BF20A217F1002C4C4C /* Extensions.swift in Sources */ = {isa = PBXBuildFile; fileRef = 1C2A65BE20A217F1002C4C4C /* Extensions.swift */; };
		1C2A65C220A21944002C4C4C /* ApiService.swift in Sources */ = {isa = PBXBuildFile; fileRef = 1C2A65C120A21944002C4C4C /* ApiService.swift */; };
		1C2A65C420A23D9C002C4C4C /* Util.swift in Sources */ = {isa = PBXBuildFile; fileRef = 1C2A65C320A23D9C002C4C4C /* Util.swift */; };
		1C2A65C620A24622002C4C4C /* Category.swift in Sources */ = {isa = PBXBuildFile; fileRef = 1C2A65C520A24622002C4C4C /* Category.swift */; };
		1C3F675B20C725D700304568 /* ServiceDetailViewController.swift in Sources */ = {isa = PBXBuildFile; fileRef = 1C3F675A20C725D700304568 /* ServiceDetailViewController.swift */; };
		1C3F675E20C7281200304568 /* Login.storyboard in Resources */ = {isa = PBXBuildFile; fileRef = 1C3F675D20C7281200304568 /* Login.storyboard */; };
		1C3F676020C7283900304568 /* Launch Screen.storyboard in Resources */ = {isa = PBXBuildFile; fileRef = 1C3F675F20C7283900304568 /* Launch Screen.storyboard */; };
		1C3F676220C728FA00304568 /* icon.png in Resources */ = {isa = PBXBuildFile; fileRef = 1C3F676120C728F900304568 /* icon.png */; };
		1C3F676420C72B4300304568 /* loginPhoto.jpg in Resources */ = {isa = PBXBuildFile; fileRef = 1C3F676320C72B4300304568 /* loginPhoto.jpg */; };
		1C3F676720C73CF600304568 /* MapViewController.swift in Sources */ = {isa = PBXBuildFile; fileRef = 1C3F676620C73CF600304568 /* MapViewController.swift */; };
		1C3F676B20C73EA100304568 /* MapKit.framework in Frameworks */ = {isa = PBXBuildFile; fileRef = 1C3F676A20C73EA100304568 /* MapKit.framework */; };
		1C3F676D20C7406100304568 /* SignUpViewController.swift in Sources */ = {isa = PBXBuildFile; fileRef = 1C3F676C20C7406100304568 /* SignUpViewController.swift */; };
		1C3F676F20C742A600304568 /* signup.png in Resources */ = {isa = PBXBuildFile; fileRef = 1C3F676E20C742A500304568 /* signup.png */; };
		1C41588E20B46BBE00FFB9D4 /* ServiceHeaderView.swift in Sources */ = {isa = PBXBuildFile; fileRef = 1C41588D20B46BBE00FFB9D4 /* ServiceHeaderView.swift */; };
		1C41589020B47FAC00FFB9D4 /* Colors.swift in Sources */ = {isa = PBXBuildFile; fileRef = 1C41588F20B47FAC00FFB9D4 /* Colors.swift */; };
		1C41589220B4A17A00FFB9D4 /* FeaturedServices.swift in Sources */ = {isa = PBXBuildFile; fileRef = 1C41589120B4A17A00FFB9D4 /* FeaturedServices.swift */; };
		1C58966C208E555C001A5D5D /* AppDelegate.swift in Sources */ = {isa = PBXBuildFile; fileRef = 1C58966B208E555C001A5D5D /* AppDelegate.swift */; };
		1C589673208E555C001A5D5D /* Assets.xcassets in Resources */ = {isa = PBXBuildFile; fileRef = 1C589672208E555C001A5D5D /* Assets.xcassets */; };
		1C661AC520B4C07700D2F985 /* CustomSearchBar.swift in Sources */ = {isa = PBXBuildFile; fileRef = 1C661AC420B4C07700D2F985 /* CustomSearchBar.swift */; };
		1C661AC720B4C82900D2F985 /* HorizontalSectionController.swift in Sources */ = {isa = PBXBuildFile; fileRef = 1C661AC620B4C82900D2F985 /* HorizontalSectionController.swift */; };
		1C661AC920B4C85C00D2F985 /* EmbeddedCollectionViewCell.swift in Sources */ = {isa = PBXBuildFile; fileRef = 1C661AC820B4C85C00D2F985 /* EmbeddedCollectionViewCell.swift */; };
		1C661ACB20B4CB6500D2F985 /* EmbeddedSectionController.swift in Sources */ = {isa = PBXBuildFile; fileRef = 1C661ACA20B4CB6500D2F985 /* EmbeddedSectionController.swift */; };
		1C70C77E208E877A00F93CB7 /* GoogleService-Info.plist in Resources */ = {isa = PBXBuildFile; fileRef = 1C70C77D208E877A00F93CB7 /* GoogleService-Info.plist */; };
		1C7954BB20F32409008A7FEA /* ChatViewController.swift in Sources */ = {isa = PBXBuildFile; fileRef = 1C7954BA20F32409008A7FEA /* ChatViewController.swift */; };
		1C7954BE20F32DD4008A7FEA /* Message.swift in Sources */ = {isa = PBXBuildFile; fileRef = 1C7954BD20F32DD4008A7FEA /* Message.swift */; };
		1C7954C020F33288008A7FEA /* Chat.swift in Sources */ = {isa = PBXBuildFile; fileRef = 1C7954BF20F33288008A7FEA /* Chat.swift */; };
		1C7954C320F334A9008A7FEA /* MessageSectionController.swift in Sources */ = {isa = PBXBuildFile; fileRef = 1C7954C220F334A9008A7FEA /* MessageSectionController.swift */; };
		1C7954C520F33577008A7FEA /* MessageCell.swift in Sources */ = {isa = PBXBuildFile; fileRef = 1C7954C420F33577008A7FEA /* MessageCell.swift */; };
		1C7954C720F35C95008A7FEA /* SendView.swift in Sources */ = {isa = PBXBuildFile; fileRef = 1C7954C620F35C95008A7FEA /* SendView.swift */; };
		1C7A072020CF287E0015D085 /* AdditionalInformation.swift in Sources */ = {isa = PBXBuildFile; fileRef = 1C7A071F20CF287E0015D085 /* AdditionalInformation.swift */; };
		1C7A072320CF46CF0015D085 /* LoginViewController.swift in Sources */ = {isa = PBXBuildFile; fileRef = 1C7A072220CF46CF0015D085 /* LoginViewController.swift */; };
		1C7A072620CFE7BB0015D085 /* CategoryDetailController.swift in Sources */ = {isa = PBXBuildFile; fileRef = 1C7A072520CFE7BB0015D085 /* CategoryDetailController.swift */; };
		1C7A072A20CFEE7E0015D085 /* CategoryDetailSectionController.swift in Sources */ = {isa = PBXBuildFile; fileRef = 1C7A072920CFEE7E0015D085 /* CategoryDetailSectionController.swift */; };
		1C7A072D20CFEF410015D085 /* CategoryDetailCell.swift in Sources */ = {isa = PBXBuildFile; fileRef = 1C7A072C20CFEF410015D085 /* CategoryDetailCell.swift */; };
		1C7A072F20D0354D0015D085 /* MapButton.swift in Sources */ = {isa = PBXBuildFile; fileRef = 1C7A072E20D0354D0015D085 /* MapButton.swift */; };
		1C7A073220D03FF20015D085 /* SeeInMapController.swift in Sources */ = {isa = PBXBuildFile; fileRef = 1C7A073120D03FF20015D085 /* SeeInMapController.swift */; };
		1C7A073420D061920015D085 /* MoreInformationService.swift in Sources */ = {isa = PBXBuildFile; fileRef = 1C7A073320D061920015D085 /* MoreInformationService.swift */; };
		1C7A073620D080CB0015D085 /* SignInViewController.swift in Sources */ = {isa = PBXBuildFile; fileRef = 1C7A073520D080CB0015D085 /* SignInViewController.swift */; };
		1C7AA07920E12BA50059C509 /* CommentsSectionController copy.swift in Sources */ = {isa = PBXBuildFile; fileRef = 1C7AA07820E12BA50059C509 /* CommentsSectionController copy.swift */; };
		1C7AA07B20E14A120059C509 /* Comment.swift in Sources */ = {isa = PBXBuildFile; fileRef = 1C7AA07A20E14A120059C509 /* Comment.swift */; };
		1C7AA07D20E152220059C509 /* CommentCell.swift in Sources */ = {isa = PBXBuildFile; fileRef = 1C7AA07C20E152220059C509 /* CommentCell.swift */; };
		1C7AA07F20E175460059C509 /* CommentSection.swift in Sources */ = {isa = PBXBuildFile; fileRef = 1C7AA07E20E175460059C509 /* CommentSection.swift */; };
		1C848A6220E41E2A00C38011 /* Question.swift in Sources */ = {isa = PBXBuildFile; fileRef = 1C848A6120E41E2A00C38011 /* Question.swift */; };
		1C848A6420E4287E00C38011 /* QuestionCell.swift in Sources */ = {isa = PBXBuildFile; fileRef = 1C848A6320E4287E00C38011 /* QuestionCell.swift */; };
		1C848A6620E4294900C38011 /* QuestionsSectionController.swift in Sources */ = {isa = PBXBuildFile; fileRef = 1C848A6520E4294900C38011 /* QuestionsSectionController.swift */; };
		1C8D000D20C9DBD60084A4BF /* TitleServiceSectionController.swift in Sources */ = {isa = PBXBuildFile; fileRef = 1C8D000C20C9DBD60084A4BF /* TitleServiceSectionController.swift */; };
		1CC5DCC7208FE65F00FF16B5 /* HomeController.swift in Sources */ = {isa = PBXBuildFile; fileRef = 1CC5DCC6208FE65F00FF16B5 /* HomeController.swift */; };
		1CC5DCCA208FEFFE00FF16B5 /* Globals.swift in Sources */ = {isa = PBXBuildFile; fileRef = 1CC5DCC9208FEFFE00FF16B5 /* Globals.swift */; };
		1CD00F0620A3386F00B893A5 /* CategoryCell.swift in Sources */ = {isa = PBXBuildFile; fileRef = 1CD00F0520A3386F00B893A5 /* CategoryCell.swift */; };
		1CD00F0920A33CAB00B893A5 /* Avenir Next.ttc in Resources */ = {isa = PBXBuildFile; fileRef = 1CD00F0820A33CAB00B893A5 /* Avenir Next.ttc */; };
		1CD00F0B20A33E6300B893A5 /* Fonts.swift in Sources */ = {isa = PBXBuildFile; fileRef = 1CD00F0A20A33E6300B893A5 /* Fonts.swift */; };
		1CD00F0D20A34DBC00B893A5 /* RemoteConfig.swift in Sources */ = {isa = PBXBuildFile; fileRef = 1CD00F0C20A34DBC00B893A5 /* RemoteConfig.swift */; };
		1CD00F1020A395DD00B893A5 /* CategorySectionController.swift in Sources */ = {isa = PBXBuildFile; fileRef = 1CD00F0F20A395DD00B893A5 /* CategorySectionController.swift */; };
		1CD00F1520A4FEF900B893A5 /* ServiceCell.swift in Sources */ = {isa = PBXBuildFile; fileRef = 1CD00F1420A4FEF900B893A5 /* ServiceCell.swift */; };
		1CD00F1720A4FF1D00B893A5 /* Service.swift in Sources */ = {isa = PBXBuildFile; fileRef = 1CD00F1620A4FF1D00B893A5 /* Service.swift */; };
		1CDFAB3620CAE34F00665599 /* PhotoSectionController.swift in Sources */ = {isa = PBXBuildFile; fileRef = 1CDFAB3520CAE34F00665599 /* PhotoSectionController.swift */; };
		1CDFAB3920CAF7D800665599 /* ImageCell.swift in Sources */ = {isa = PBXBuildFile; fileRef = 1CDFAB3820CAF7D800665599 /* ImageCell.swift */; };
		1CDFAB3B20CB110B00665599 /* TitleOfServiceCell.swift in Sources */ = {isa = PBXBuildFile; fileRef = 1CDFAB3A20CB110B00665599 /* TitleOfServiceCell.swift */; };
		1CDFAB3D20CB1DEA00665599 /* AdditionalInformationSectionController.swift in Sources */ = {isa = PBXBuildFile; fileRef = 1CDFAB3C20CB1DEA00665599 /* AdditionalInformationSectionController.swift */; };
		1CDFAB3F20CB1E3C00665599 /* InformationCell.swift in Sources */ = {isa = PBXBuildFile; fileRef = 1CDFAB3E20CB1E3C00665599 /* InformationCell.swift */; };
		1CF3D567209CCDD700A2F896 /* GenericCell.swift in Sources */ = {isa = PBXBuildFile; fileRef = 1CF3D566209CCDD700A2F896 /* GenericCell.swift */; };
		A52CE9F93A4DBA3F35F392B7 /* Pods_chasquiApp.framework in Frameworks */ = {isa = PBXBuildFile; fileRef = 225B5E591109310F079BD383 /* Pods_chasquiApp.framework */; };
/* End PBXBuildFile section */

/* Begin PBXFileReference section */
		1C181FFE20C6F6BC00BA48C5 /* SearchViewController.swift */ = {isa = PBXFileReference; lastKnownFileType = sourcecode.swift; path = SearchViewController.swift; sourceTree = "<group>"; };
		1C18200020C6F93100BA48C5 /* Place.swift */ = {isa = PBXFileReference; lastKnownFileType = sourcecode.swift; path = Place.swift; sourceTree = "<group>"; };
		1C18200420C6FB7000BA48C5 /* NearSectionController.swift */ = {isa = PBXFileReference; lastKnownFileType = sourcecode.swift; path = NearSectionController.swift; sourceTree = "<group>"; };
		1C18200620C6FB8600BA48C5 /* RecentsSectionController.swift */ = {isa = PBXFileReference; lastKnownFileType = sourcecode.swift; path = RecentsSectionController.swift; sourceTree = "<group>"; };
		1C18200920C6FD0600BA48C5 /* NearCell.swift */ = {isa = PBXFileReference; lastKnownFileType = sourcecode.swift; path = NearCell.swift; sourceTree = "<group>"; };
		1C18200B20C6FD0F00BA48C5 /* RecentCell.swift */ = {isa = PBXFileReference; lastKnownFileType = sourcecode.swift; path = RecentCell.swift; sourceTree = "<group>"; };
		1C18200D20C6FD2300BA48C5 /* RecentsHeaderView.swift */ = {isa = PBXFileReference; lastKnownFileType = sourcecode.swift; path = RecentsHeaderView.swift; sourceTree = "<group>"; };
		1C18E6BA20E29BE60079C8D9 /* ServiceFooterView.swift */ = {isa = PBXFileReference; lastKnownFileType = sourcecode.swift; path = ServiceFooterView.swift; sourceTree = "<group>"; };
		1C18E6BE20E2C0490079C8D9 /* MakeACommentController.swift */ = {isa = PBXFileReference; lastKnownFileType = sourcecode.swift; path = MakeACommentController.swift; sourceTree = "<group>"; };
		1C18E6C120E2D10C0079C8D9 /* MiCuentaViewController.swift */ = {isa = PBXFileReference; lastKnownFileType = sourcecode.swift; path = MiCuentaViewController.swift; sourceTree = "<group>"; };
		1C18E6C320E2D1190079C8D9 /* MiCuentaDetailViewController.swift */ = {isa = PBXFileReference; lastKnownFileType = sourcecode.swift; path = MiCuentaDetailViewController.swift; sourceTree = "<group>"; };
		1C18E6C520E2D2670079C8D9 /* User.swift */ = {isa = PBXFileReference; lastKnownFileType = sourcecode.swift; path = User.swift; sourceTree = "<group>"; };
		1C18E6C820E2E3DA0079C8D9 /* CommentsSectionController.swift */ = {isa = PBXFileReference; lastKnownFileType = sourcecode.swift; path = CommentsSectionController.swift; sourceTree = "<group>"; };
		1C18E6CB20E2EC840079C8D9 /* AddCommentController.swift */ = {isa = PBXFileReference; lastKnownFileType = sourcecode.swift; path = AddCommentController.swift; sourceTree = "<group>"; };
		1C1B304820EFF52E0084360D /* AddQuestionController.swift */ = {isa = PBXFileReference; lastKnownFileType = sourcecode.swift; path = AddQuestionController.swift; sourceTree = "<group>"; };
		1C1B304B20F0038A0084360D /* MoreQuestionsController.swift */ = {isa = PBXFileReference; lastKnownFileType = sourcecode.swift; path = MoreQuestionsController.swift; sourceTree = "<group>"; };
		1C1B304D20F005FE0084360D /* QuestionsSectionControllerCopy.swift */ = {isa = PBXFileReference; lastKnownFileType = sourcecode.swift; path = QuestionsSectionControllerCopy.swift; sourceTree = "<group>"; };
		1C2A65B820A1D9E2002C4C4C /* CustomTabBarController.swift */ = {isa = PBXFileReference; lastKnownFileType = sourcecode.swift; path = CustomTabBarController.swift; sourceTree = "<group>"; };
		1C2A65BE20A217F1002C4C4C /* Extensions.swift */ = {isa = PBXFileReference; lastKnownFileType = sourcecode.swift; path = Extensions.swift; sourceTree = "<group>"; };
		1C2A65C120A21944002C4C4C /* ApiService.swift */ = {isa = PBXFileReference; lastKnownFileType = sourcecode.swift; path = ApiService.swift; sourceTree = "<group>"; };
		1C2A65C320A23D9C002C4C4C /* Util.swift */ = {isa = PBXFileReference; lastKnownFileType = sourcecode.swift; path = Util.swift; sourceTree = "<group>"; };
		1C2A65C520A24622002C4C4C /* Category.swift */ = {isa = PBXFileReference; lastKnownFileType = sourcecode.swift; path = Category.swift; sourceTree = "<group>"; };
		1C3F675A20C725D700304568 /* ServiceDetailViewController.swift */ = {isa = PBXFileReference; lastKnownFileType = sourcecode.swift; path = ServiceDetailViewController.swift; sourceTree = "<group>"; };
		1C3F675D20C7281200304568 /* Login.storyboard */ = {isa = PBXFileReference; lastKnownFileType = file.storyboard; path = Login.storyboard; sourceTree = "<group>"; };
		1C3F675F20C7283900304568 /* Launch Screen.storyboard */ = {isa = PBXFileReference; lastKnownFileType = file.storyboard; path = "Launch Screen.storyboard"; sourceTree = "<group>"; };
		1C3F676120C728F900304568 /* icon.png */ = {isa = PBXFileReference; lastKnownFileType = image.png; path = icon.png; sourceTree = "<group>"; };
		1C3F676320C72B4300304568 /* loginPhoto.jpg */ = {isa = PBXFileReference; lastKnownFileType = image.jpeg; path = loginPhoto.jpg; sourceTree = "<group>"; };
		1C3F676620C73CF600304568 /* MapViewController.swift */ = {isa = PBXFileReference; lastKnownFileType = sourcecode.swift; path = MapViewController.swift; sourceTree = "<group>"; };
		1C3F676A20C73EA100304568 /* MapKit.framework */ = {isa = PBXFileReference; lastKnownFileType = wrapper.framework; name = MapKit.framework; path = System/Library/Frameworks/MapKit.framework; sourceTree = SDKROOT; };
		1C3F676C20C7406100304568 /* SignUpViewController.swift */ = {isa = PBXFileReference; lastKnownFileType = sourcecode.swift; path = SignUpViewController.swift; sourceTree = "<group>"; };
		1C3F676E20C742A500304568 /* signup.png */ = {isa = PBXFileReference; lastKnownFileType = image.png; path = signup.png; sourceTree = "<group>"; };
		1C41588D20B46BBE00FFB9D4 /* ServiceHeaderView.swift */ = {isa = PBXFileReference; lastKnownFileType = sourcecode.swift; path = ServiceHeaderView.swift; sourceTree = "<group>"; };
		1C41588F20B47FAC00FFB9D4 /* Colors.swift */ = {isa = PBXFileReference; lastKnownFileType = sourcecode.swift; path = Colors.swift; sourceTree = "<group>"; };
		1C41589120B4A17A00FFB9D4 /* FeaturedServices.swift */ = {isa = PBXFileReference; lastKnownFileType = sourcecode.swift; path = FeaturedServices.swift; sourceTree = "<group>"; };
		1C589668208E555C001A5D5D /* chasquiApp.app */ = {isa = PBXFileReference; explicitFileType = wrapper.application; includeInIndex = 0; path = chasquiApp.app; sourceTree = BUILT_PRODUCTS_DIR; };
		1C58966B208E555C001A5D5D /* AppDelegate.swift */ = {isa = PBXFileReference; lastKnownFileType = sourcecode.swift; path = AppDelegate.swift; sourceTree = "<group>"; };
		1C589672208E555C001A5D5D /* Assets.xcassets */ = {isa = PBXFileReference; lastKnownFileType = folder.assetcatalog; path = Assets.xcassets; sourceTree = "<group>"; };
		1C589677208E555C001A5D5D /* Info.plist */ = {isa = PBXFileReference; lastKnownFileType = text.plist.xml; path = Info.plist; sourceTree = "<group>"; };
		1C661AC420B4C07700D2F985 /* CustomSearchBar.swift */ = {isa = PBXFileReference; lastKnownFileType = sourcecode.swift; path = CustomSearchBar.swift; sourceTree = "<group>"; };
		1C661AC620B4C82900D2F985 /* HorizontalSectionController.swift */ = {isa = PBXFileReference; lastKnownFileType = sourcecode.swift; path = HorizontalSectionController.swift; sourceTree = "<group>"; };
		1C661AC820B4C85C00D2F985 /* EmbeddedCollectionViewCell.swift */ = {isa = PBXFileReference; lastKnownFileType = sourcecode.swift; path = EmbeddedCollectionViewCell.swift; sourceTree = "<group>"; };
		1C661ACA20B4CB6500D2F985 /* EmbeddedSectionController.swift */ = {isa = PBXFileReference; lastKnownFileType = sourcecode.swift; path = EmbeddedSectionController.swift; sourceTree = "<group>"; };
		1C70C77D208E877A00F93CB7 /* GoogleService-Info.plist */ = {isa = PBXFileReference; fileEncoding = 4; lastKnownFileType = text.plist.xml; path = "GoogleService-Info.plist"; sourceTree = "<group>"; };
		1C7954BA20F32409008A7FEA /* ChatViewController.swift */ = {isa = PBXFileReference; lastKnownFileType = sourcecode.swift; path = ChatViewController.swift; sourceTree = "<group>"; };
		1C7954BD20F32DD4008A7FEA /* Message.swift */ = {isa = PBXFileReference; lastKnownFileType = sourcecode.swift; path = Message.swift; sourceTree = "<group>"; };
		1C7954BF20F33288008A7FEA /* Chat.swift */ = {isa = PBXFileReference; lastKnownFileType = sourcecode.swift; path = Chat.swift; sourceTree = "<group>"; };
		1C7954C220F334A9008A7FEA /* MessageSectionController.swift */ = {isa = PBXFileReference; lastKnownFileType = sourcecode.swift; path = MessageSectionController.swift; sourceTree = "<group>"; };
		1C7954C420F33577008A7FEA /* MessageCell.swift */ = {isa = PBXFileReference; lastKnownFileType = sourcecode.swift; path = MessageCell.swift; sourceTree = "<group>"; };
		1C7954C620F35C95008A7FEA /* SendView.swift */ = {isa = PBXFileReference; lastKnownFileType = sourcecode.swift; path = SendView.swift; sourceTree = "<group>"; };
		1C7A071F20CF287E0015D085 /* AdditionalInformation.swift */ = {isa = PBXFileReference; lastKnownFileType = sourcecode.swift; path = AdditionalInformation.swift; sourceTree = "<group>"; };
		1C7A072220CF46CF0015D085 /* LoginViewController.swift */ = {isa = PBXFileReference; lastKnownFileType = sourcecode.swift; path = LoginViewController.swift; sourceTree = "<group>"; };
		1C7A072520CFE7BB0015D085 /* CategoryDetailController.swift */ = {isa = PBXFileReference; lastKnownFileType = sourcecode.swift; path = CategoryDetailController.swift; sourceTree = "<group>"; };
		1C7A072920CFEE7E0015D085 /* CategoryDetailSectionController.swift */ = {isa = PBXFileReference; lastKnownFileType = sourcecode.swift; path = CategoryDetailSectionController.swift; sourceTree = "<group>"; };
		1C7A072C20CFEF410015D085 /* CategoryDetailCell.swift */ = {isa = PBXFileReference; lastKnownFileType = sourcecode.swift; path = CategoryDetailCell.swift; sourceTree = "<group>"; };
		1C7A072E20D0354D0015D085 /* MapButton.swift */ = {isa = PBXFileReference; lastKnownFileType = sourcecode.swift; path = MapButton.swift; sourceTree = "<group>"; };
		1C7A073120D03FF20015D085 /* SeeInMapController.swift */ = {isa = PBXFileReference; lastKnownFileType = sourcecode.swift; path = SeeInMapController.swift; sourceTree = "<group>"; };
		1C7A073320D061920015D085 /* MoreInformationService.swift */ = {isa = PBXFileReference; lastKnownFileType = sourcecode.swift; path = MoreInformationService.swift; sourceTree = "<group>"; };
		1C7A073520D080CB0015D085 /* SignInViewController.swift */ = {isa = PBXFileReference; lastKnownFileType = sourcecode.swift; path = SignInViewController.swift; sourceTree = "<group>"; };
		1C7AA07820E12BA50059C509 /* CommentsSectionController copy.swift */ = {isa = PBXFileReference; lastKnownFileType = sourcecode.swift; path = "CommentsSectionController copy.swift"; sourceTree = "<group>"; };
		1C7AA07A20E14A120059C509 /* Comment.swift */ = {isa = PBXFileReference; lastKnownFileType = sourcecode.swift; path = Comment.swift; sourceTree = "<group>"; };
		1C7AA07C20E152220059C509 /* CommentCell.swift */ = {isa = PBXFileReference; lastKnownFileType = sourcecode.swift; path = CommentCell.swift; sourceTree = "<group>"; };
		1C7AA07E20E175460059C509 /* CommentSection.swift */ = {isa = PBXFileReference; lastKnownFileType = sourcecode.swift; path = CommentSection.swift; sourceTree = "<group>"; };
		1C848A6120E41E2A00C38011 /* Question.swift */ = {isa = PBXFileReference; lastKnownFileType = sourcecode.swift; path = Question.swift; sourceTree = "<group>"; };
		1C848A6320E4287E00C38011 /* QuestionCell.swift */ = {isa = PBXFileReference; lastKnownFileType = sourcecode.swift; path = QuestionCell.swift; sourceTree = "<group>"; };
		1C848A6520E4294900C38011 /* QuestionsSectionController.swift */ = {isa = PBXFileReference; lastKnownFileType = sourcecode.swift; path = QuestionsSectionController.swift; sourceTree = "<group>"; };
		1C8D000C20C9DBD60084A4BF /* TitleServiceSectionController.swift */ = {isa = PBXFileReference; lastKnownFileType = sourcecode.swift; path = TitleServiceSectionController.swift; sourceTree = "<group>"; };
		1CC5DCC6208FE65F00FF16B5 /* HomeController.swift */ = {isa = PBXFileReference; lastKnownFileType = sourcecode.swift; path = HomeController.swift; sourceTree = "<group>"; };
		1CC5DCC9208FEFFE00FF16B5 /* Globals.swift */ = {isa = PBXFileReference; lastKnownFileType = sourcecode.swift; path = Globals.swift; sourceTree = "<group>"; };
		1CD00F0520A3386F00B893A5 /* CategoryCell.swift */ = {isa = PBXFileReference; lastKnownFileType = sourcecode.swift; path = CategoryCell.swift; sourceTree = "<group>"; };
		1CD00F0820A33CAB00B893A5 /* Avenir Next.ttc */ = {isa = PBXFileReference; lastKnownFileType = file; path = "Avenir Next.ttc"; sourceTree = "<group>"; };
		1CD00F0A20A33E6300B893A5 /* Fonts.swift */ = {isa = PBXFileReference; lastKnownFileType = sourcecode.swift; path = Fonts.swift; sourceTree = "<group>"; };
		1CD00F0C20A34DBC00B893A5 /* RemoteConfig.swift */ = {isa = PBXFileReference; lastKnownFileType = sourcecode.swift; path = RemoteConfig.swift; sourceTree = "<group>"; };
		1CD00F0F20A395DD00B893A5 /* CategorySectionController.swift */ = {isa = PBXFileReference; lastKnownFileType = sourcecode.swift; path = CategorySectionController.swift; sourceTree = "<group>"; };
		1CD00F1420A4FEF900B893A5 /* ServiceCell.swift */ = {isa = PBXFileReference; lastKnownFileType = sourcecode.swift; path = ServiceCell.swift; sourceTree = "<group>"; };
		1CD00F1620A4FF1D00B893A5 /* Service.swift */ = {isa = PBXFileReference; lastKnownFileType = sourcecode.swift; path = Service.swift; sourceTree = "<group>"; };
		1CDFAB3520CAE34F00665599 /* PhotoSectionController.swift */ = {isa = PBXFileReference; lastKnownFileType = sourcecode.swift; path = PhotoSectionController.swift; sourceTree = "<group>"; };
		1CDFAB3820CAF7D800665599 /* ImageCell.swift */ = {isa = PBXFileReference; lastKnownFileType = sourcecode.swift; path = ImageCell.swift; sourceTree = "<group>"; };
		1CDFAB3A20CB110B00665599 /* TitleOfServiceCell.swift */ = {isa = PBXFileReference; lastKnownFileType = sourcecode.swift; path = TitleOfServiceCell.swift; sourceTree = "<group>"; };
		1CDFAB3C20CB1DEA00665599 /* AdditionalInformationSectionController.swift */ = {isa = PBXFileReference; lastKnownFileType = sourcecode.swift; path = AdditionalInformationSectionController.swift; sourceTree = "<group>"; };
		1CDFAB3E20CB1E3C00665599 /* InformationCell.swift */ = {isa = PBXFileReference; lastKnownFileType = sourcecode.swift; path = InformationCell.swift; sourceTree = "<group>"; };
		1CF3D566209CCDD700A2F896 /* GenericCell.swift */ = {isa = PBXFileReference; lastKnownFileType = sourcecode.swift; path = GenericCell.swift; sourceTree = "<group>"; };
		21376E2EADDFE1ED10C892BA /* Pods-chasquiApp.debug.xcconfig */ = {isa = PBXFileReference; includeInIndex = 1; lastKnownFileType = text.xcconfig; name = "Pods-chasquiApp.debug.xcconfig"; path = "Pods/Target Support Files/Pods-chasquiApp/Pods-chasquiApp.debug.xcconfig"; sourceTree = "<group>"; };
		225B5E591109310F079BD383 /* Pods_chasquiApp.framework */ = {isa = PBXFileReference; explicitFileType = wrapper.framework; includeInIndex = 0; path = Pods_chasquiApp.framework; sourceTree = BUILT_PRODUCTS_DIR; };
		F50A73F7A12A54DC60C2A900 /* Pods-chasquiApp.release.xcconfig */ = {isa = PBXFileReference; includeInIndex = 1; lastKnownFileType = text.xcconfig; name = "Pods-chasquiApp.release.xcconfig"; path = "Pods/Target Support Files/Pods-chasquiApp/Pods-chasquiApp.release.xcconfig"; sourceTree = "<group>"; };
/* End PBXFileReference section */

/* Begin PBXFrameworksBuildPhase section */
		1C589665208E555C001A5D5D /* Frameworks */ = {
			isa = PBXFrameworksBuildPhase;
			buildActionMask = 2147483647;
			files = (
				1C3F676B20C73EA100304568 /* MapKit.framework in Frameworks */,
				A52CE9F93A4DBA3F35F392B7 /* Pods_chasquiApp.framework in Frameworks */,
			);
			runOnlyForDeploymentPostprocessing = 0;
		};
/* End PBXFrameworksBuildPhase section */

/* Begin PBXGroup section */
		1C18200220C6FB4E00BA48C5 /* Search */ = {
			isa = PBXGroup;
			children = (
				1C18200320C6FB5B00BA48C5 /* Sections */,
				1C181FFE20C6F6BC00BA48C5 /* SearchViewController.swift */,
			);
			path = Search;
			sourceTree = "<group>";
		};
		1C18200320C6FB5B00BA48C5 /* Sections */ = {
			isa = PBXGroup;
			children = (
				1C18200420C6FB7000BA48C5 /* NearSectionController.swift */,
				1C18200620C6FB8600BA48C5 /* RecentsSectionController.swift */,
			);
			path = Sections;
			sourceTree = "<group>";
		};
		1C18200820C6FCED00BA48C5 /* Search */ = {
			isa = PBXGroup;
			children = (
				1C18200920C6FD0600BA48C5 /* NearCell.swift */,
				1C18200B20C6FD0F00BA48C5 /* RecentCell.swift */,
				1C18200D20C6FD2300BA48C5 /* RecentsHeaderView.swift */,
			);
			path = Search;
			sourceTree = "<group>";
		};
		1C18200F20C6FD7F00BA48C5 /* Search */ = {
			isa = PBXGroup;
			children = (
				1C18200020C6F93100BA48C5 /* Place.swift */,
			);
			path = Search;
			sourceTree = "<group>";
		};
		1C18E6BD20E2C01D0079C8D9 /* MakeAComment */ = {
			isa = PBXGroup;
			children = (
				1C1B304A20F0037E0084360D /* MoreQuestions */,
				1C18E6BE20E2C0490079C8D9 /* MakeACommentController.swift */,
			);
			path = MakeAComment;
			sourceTree = "<group>";
		};
		1C18E6C020E2D0FB0079C8D9 /* logueado */ = {
			isa = PBXGroup;
			children = (
				1C18E6C120E2D10C0079C8D9 /* MiCuentaViewController.swift */,
				1C18E6C320E2D1190079C8D9 /* MiCuentaDetailViewController.swift */,
			);
			path = logueado;
			sourceTree = "<group>";
		};
		1C18E6C720E2E1910079C8D9 /* AddComment */ = {
			isa = PBXGroup;
			children = (
				1C18E6CB20E2EC840079C8D9 /* AddCommentController.swift */,
			);
			path = AddComment;
			sourceTree = "<group>";
		};
		1C18E6CA20E2E8E30079C8D9 /* New copyyyy */ = {
			isa = PBXGroup;
			children = (
				1C7AA07820E12BA50059C509 /* CommentsSectionController copy.swift */,
				1C1B304D20F005FE0084360D /* QuestionsSectionControllerCopy.swift */,
			);
			path = "New copyyyy";
			sourceTree = "<group>";
		};
		1C1B304720EFF5220084360D /* AddQuestion */ = {
			isa = PBXGroup;
			children = (
				1C1B304820EFF52E0084360D /* AddQuestionController.swift */,
			);
			path = AddQuestion;
			sourceTree = "<group>";
		};
		1C1B304A20F0037E0084360D /* MoreQuestions */ = {
			isa = PBXGroup;
			children = (
				1C1B304B20F0038A0084360D /* MoreQuestionsController.swift */,
			);
			path = MoreQuestions;
			sourceTree = "<group>";
		};
		1C2A65BA20A1DA31002C4C4C /* View */ = {
			isa = PBXGroup;
			children = (
				1CD00F0420A3384C00B893A5 /* Home */,
				1C18200820C6FCED00BA48C5 /* Search */,
				1CDFAB3720CAF7CC00665599 /* Detail */,
				1CF3D565209CCDB100A2F896 /* Custom */,
			);
			path = View;
			sourceTree = "<group>";
		};
		1C2A65BB20A1DA37002C4C4C /* Model */ = {
			isa = PBXGroup;
			children = (
				1C7954BC20F32DC2008A7FEA /* Chat */,
				1CD00F1120A3AB1E00B893A5 /* Home */,
				1C7A071E20CECF2F0015D085 /* Detail */,
			);
			path = Model;
			sourceTree = "<group>";
		};
		1C2A65BC20A1DA3D002C4C4C /* Controller */ = {
			isa = PBXGroup;
			children = (
				1CC5DCC4208FDE1A00FF16B5 /* TabBar */,
			);
			path = Controller;
			sourceTree = "<group>";
		};
		1C2A65BD20A217E1002C4C4C /* Utilities */ = {
			isa = PBXGroup;
			children = (
				1C2A65BE20A217F1002C4C4C /* Extensions.swift */,
				1C2A65C320A23D9C002C4C4C /* Util.swift */,
			);
			path = Utilities;
			sourceTree = "<group>";
		};
		1C2A65C020A21932002C4C4C /* ApiService */ = {
			isa = PBXGroup;
			children = (
				1C2A65C120A21944002C4C4C /* ApiService.swift */,
			);
			path = ApiService;
			sourceTree = "<group>";
		};
		1C3F675920C725B200304568 /* Detail */ = {
			isa = PBXGroup;
			children = (
				1C3F675A20C725D700304568 /* ServiceDetailViewController.swift */,
				1C18E6BD20E2C01D0079C8D9 /* MakeAComment */,
				1CDFAB3420CAE33B00665599 /* Components */,
			);
			path = Detail;
			sourceTree = "<group>";
		};
		1C3F675C20C727FF00304568 /* Storyboard */ = {
			isa = PBXGroup;
			children = (
				1C18E6C020E2D0FB0079C8D9 /* logueado */,
				1C3F675D20C7281200304568 /* Login.storyboard */,
				1C3F676120C728F900304568 /* icon.png */,
				1C3F676320C72B4300304568 /* loginPhoto.jpg */,
				1C3F675F20C7283900304568 /* Launch Screen.storyboard */,
				1C3F676E20C742A500304568 /* signup.png */,
				1C3F676C20C7406100304568 /* SignUpViewController.swift */,
				1C7A073520D080CB0015D085 /* SignInViewController.swift */,
			);
			path = Storyboard;
			sourceTree = "<group>";
		};
		1C3F676520C73CE700304568 /* MapView */ = {
			isa = PBXGroup;
			children = (
				1C3F676620C73CF600304568 /* MapViewController.swift */,
			);
			path = MapView;
			sourceTree = "<group>";
		};
		1C58965F208E555C001A5D5D = {
			isa = PBXGroup;
			children = (
				1C58966A208E555C001A5D5D /* chasquiApp */,
				1C589669208E555C001A5D5D /* Products */,
				BC1524124E63EC726B1CF16F /* Pods */,
				A445ACD88EB4C9146FAE57A0 /* Frameworks */,
			);
			sourceTree = "<group>";
		};
		1C589669208E555C001A5D5D /* Products */ = {
			isa = PBXGroup;
			children = (
				1C589668208E555C001A5D5D /* chasquiApp.app */,
			);
			name = Products;
			sourceTree = "<group>";
		};
		1C58966A208E555C001A5D5D /* chasquiApp */ = {
			isa = PBXGroup;
			children = (
				1C7A072420CF8DED0015D085 /* MVC */,
				1C3F675C20C727FF00304568 /* Storyboard */,
				1CD00F0720A33C3D00B893A5 /* Resources */,
				1C2A65C020A21932002C4C4C /* ApiService */,
				1C2A65BD20A217E1002C4C4C /* Utilities */,
				1CC5DCC8208FEFEB00FF16B5 /* Globals */,
				1C70C77F208E879000F93CB7 /* RemoteConfig */,
				1C58966B208E555C001A5D5D /* AppDelegate.swift */,
				1C589672208E555C001A5D5D /* Assets.xcassets */,
				1C589677208E555C001A5D5D /* Info.plist */,
				1C70C77D208E877A00F93CB7 /* GoogleService-Info.plist */,
			);
			path = chasquiApp;
			sourceTree = "<group>";
		};
		1C70C77F208E879000F93CB7 /* RemoteConfig */ = {
			isa = PBXGroup;
			children = (
				1CD00F0C20A34DBC00B893A5 /* RemoteConfig.swift */,
			);
			path = RemoteConfig;
			sourceTree = "<group>";
		};
		1C7954B920F2F82B008A7FEA /* Chat */ = {
			isa = PBXGroup;
			children = (
				1C7954BA20F32409008A7FEA /* ChatViewController.swift */,
				1C7954C120F33489008A7FEA /* Section */,
			);
			path = Chat;
			sourceTree = "<group>";
		};
		1C7954BC20F32DC2008A7FEA /* Chat */ = {
			isa = PBXGroup;
			children = (
				1C7954BD20F32DD4008A7FEA /* Message.swift */,
				1C7954BF20F33288008A7FEA /* Chat.swift */,
			);
			path = Chat;
			sourceTree = "<group>";
		};
		1C7954C120F33489008A7FEA /* Section */ = {
			isa = PBXGroup;
			children = (
				1C7954C220F334A9008A7FEA /* MessageSectionController.swift */,
			);
			path = Section;
			sourceTree = "<group>";
		};
		1C7A071E20CECF2F0015D085 /* Detail */ = {
			isa = PBXGroup;
			children = (
				1C7A071F20CF287E0015D085 /* AdditionalInformation.swift */,
				1C7A073320D061920015D085 /* MoreInformationService.swift */,
				1C7AA07A20E14A120059C509 /* Comment.swift */,
				1C7AA07E20E175460059C509 /* CommentSection.swift */,
				1C848A6120E41E2A00C38011 /* Question.swift */,
			);
			path = Detail;
			sourceTree = "<group>";
		};
		1C7A072120CF46B20015D085 /* User */ = {
			isa = PBXGroup;
			children = (
				1C7A072220CF46CF0015D085 /* LoginViewController.swift */,
			);
			path = User;
			sourceTree = "<group>";
		};
		1C7A072420CF8DED0015D085 /* MVC */ = {
			isa = PBXGroup;
			children = (
				1C2A65BB20A1DA37002C4C4C /* Model */,
				1C2A65BA20A1DA31002C4C4C /* View */,
				1C2A65BC20A1DA3D002C4C4C /* Controller */,
			);
			path = MVC;
			sourceTree = "<group>";
		};
		1C7A072720CFEE360015D085 /* CategoryDetail */ = {
			isa = PBXGroup;
			children = (
				1C7A072520CFE7BB0015D085 /* CategoryDetailController.swift */,
				1C7A073020D03FD50015D085 /* SeeInMap */,
				1C7A072820CFEE440015D085 /* Section */,
			);
			path = CategoryDetail;
			sourceTree = "<group>";
		};
		1C7A072820CFEE440015D085 /* Section */ = {
			isa = PBXGroup;
			children = (
				1C7A072920CFEE7E0015D085 /* CategoryDetailSectionController.swift */,
			);
			path = Section;
			sourceTree = "<group>";
		};
		1C7A072B20CFEF330015D085 /* CategoryDetail */ = {
			isa = PBXGroup;
			children = (
				1C7A072C20CFEF410015D085 /* CategoryDetailCell.swift */,
			);
			path = CategoryDetail;
			sourceTree = "<group>";
		};
		1C7A073020D03FD50015D085 /* SeeInMap */ = {
			isa = PBXGroup;
			children = (
				1C7A073120D03FF20015D085 /* SeeInMapController.swift */,
			);
			path = SeeInMap;
			sourceTree = "<group>";
		};
		1CC5DCC4208FDE1A00FF16B5 /* TabBar */ = {
			isa = PBXGroup;
			children = (
				1C2A65B820A1D9E2002C4C4C /* CustomTabBarController.swift */,
				1CC5DCC5208FDE2A00FF16B5 /* Home */,
				1C3F676520C73CE700304568 /* MapView */,
				1C7A072120CF46B20015D085 /* User */,
			);
			path = TabBar;
			sourceTree = "<group>";
		};
		1CC5DCC5208FDE2A00FF16B5 /* Home */ = {
			isa = PBXGroup;
			children = (
				1CC5DCC6208FE65F00FF16B5 /* HomeController.swift */,
				1C18200220C6FB4E00BA48C5 /* Search */,
				1C7A072720CFEE360015D085 /* CategoryDetail */,
				1CD00F0E20A395C200B893A5 /* Sections */,
				1C3F675920C725B200304568 /* Detail */,
				1C7954B920F2F82B008A7FEA /* Chat */,
			);
			path = Home;
			sourceTree = "<group>";
		};
		1CC5DCC8208FEFEB00FF16B5 /* Globals */ = {
			isa = PBXGroup;
			children = (
				1CC5DCC9208FEFFE00FF16B5 /* Globals.swift */,
				1CD00F0A20A33E6300B893A5 /* Fonts.swift */,
				1C41588F20B47FAC00FFB9D4 /* Colors.swift */,
				1C18E6C520E2D2670079C8D9 /* User.swift */,
			);
			path = Globals;
			sourceTree = "<group>";
		};
		1CD00F0420A3384C00B893A5 /* Home */ = {
			isa = PBXGroup;
			children = (
				1C7A072B20CFEF330015D085 /* CategoryDetail */,
				1CD00F0520A3386F00B893A5 /* CategoryCell.swift */,
				1C41588D20B46BBE00FFB9D4 /* ServiceHeaderView.swift */,
				1CD00F1420A4FEF900B893A5 /* ServiceCell.swift */,
				1C661AC420B4C07700D2F985 /* CustomSearchBar.swift */,
				1C18E6BA20E29BE60079C8D9 /* ServiceFooterView.swift */,
			);
			path = Home;
			sourceTree = "<group>";
		};
		1CD00F0720A33C3D00B893A5 /* Resources */ = {
			isa = PBXGroup;
			children = (
				1CD00F0820A33CAB00B893A5 /* Avenir Next.ttc */,
			);
			path = Resources;
			sourceTree = "<group>";
		};
		1CD00F0E20A395C200B893A5 /* Sections */ = {
			isa = PBXGroup;
			children = (
				1CD00F0F20A395DD00B893A5 /* CategorySectionController.swift */,
				1C661AC620B4C82900D2F985 /* HorizontalSectionController.swift */,
				1C661ACA20B4CB6500D2F985 /* EmbeddedSectionController.swift */,
			);
			path = Sections;
			sourceTree = "<group>";
		};
		1CD00F1120A3AB1E00B893A5 /* Home */ = {
			isa = PBXGroup;
			children = (
				1C2A65C520A24622002C4C4C /* Category.swift */,
				1CD00F1620A4FF1D00B893A5 /* Service.swift */,
				1C41589120B4A17A00FFB9D4 /* FeaturedServices.swift */,
				1C18200F20C6FD7F00BA48C5 /* Search */,
			);
			path = Home;
			sourceTree = "<group>";
		};
		1CDFAB3420CAE33B00665599 /* Components */ = {
			isa = PBXGroup;
			children = (
				1CDFAB3520CAE34F00665599 /* PhotoSectionController.swift */,
				1C8D000C20C9DBD60084A4BF /* TitleServiceSectionController.swift */,
				1CDFAB3C20CB1DEA00665599 /* AdditionalInformationSectionController.swift */,
				1C18E6C820E2E3DA0079C8D9 /* CommentsSectionController.swift */,
				1C848A6520E4294900C38011 /* QuestionsSectionController.swift */,
				1C1B304720EFF5220084360D /* AddQuestion */,
				1C18E6C720E2E1910079C8D9 /* AddComment */,
				1C18E6CA20E2E8E30079C8D9 /* New copyyyy */,
			);
			path = Components;
			sourceTree = "<group>";
		};
		1CDFAB3720CAF7CC00665599 /* Detail */ = {
			isa = PBXGroup;
			children = (
				1CDFAB3820CAF7D800665599 /* ImageCell.swift */,
				1CDFAB3A20CB110B00665599 /* TitleOfServiceCell.swift */,
				1CDFAB3E20CB1E3C00665599 /* InformationCell.swift */,
				1C7AA07C20E152220059C509 /* CommentCell.swift */,
				1C848A6320E4287E00C38011 /* QuestionCell.swift */,
				1C7954C420F33577008A7FEA /* MessageCell.swift */,
			);
			path = Detail;
			sourceTree = "<group>";
		};
		1CF3D565209CCDB100A2F896 /* Custom */ = {
			isa = PBXGroup;
			children = (
				1CF3D566209CCDD700A2F896 /* GenericCell.swift */,
				1C661AC820B4C85C00D2F985 /* EmbeddedCollectionViewCell.swift */,
				1C7A072E20D0354D0015D085 /* MapButton.swift */,
				1C7954C620F35C95008A7FEA /* SendView.swift */,
			);
			path = Custom;
			sourceTree = "<group>";
		};
		A445ACD88EB4C9146FAE57A0 /* Frameworks */ = {
			isa = PBXGroup;
			children = (
				1C3F676A20C73EA100304568 /* MapKit.framework */,
				225B5E591109310F079BD383 /* Pods_chasquiApp.framework */,
			);
			name = Frameworks;
			sourceTree = "<group>";
		};
		BC1524124E63EC726B1CF16F /* Pods */ = {
			isa = PBXGroup;
			children = (
				21376E2EADDFE1ED10C892BA /* Pods-chasquiApp.debug.xcconfig */,
				F50A73F7A12A54DC60C2A900 /* Pods-chasquiApp.release.xcconfig */,
			);
			name = Pods;
			sourceTree = "<group>";
		};
/* End PBXGroup section */

/* Begin PBXNativeTarget section */
		1C589667208E555C001A5D5D /* chasquiApp */ = {
			isa = PBXNativeTarget;
			buildConfigurationList = 1C58967A208E555C001A5D5D /* Build configuration list for PBXNativeTarget "chasquiApp" */;
			buildPhases = (
				040A46E1B6BE4F768C338879 /* [CP] Check Pods Manifest.lock */,
				1C589664208E555C001A5D5D /* Sources */,
				1C589665208E555C001A5D5D /* Frameworks */,
				1C589666208E555C001A5D5D /* Resources */,
				E80C01DC9C70762B3C2BBD3A /* [CP] Embed Pods Frameworks */,
			);
			buildRules = (
			);
			dependencies = (
			);
			name = chasquiApp;
			productName = chasquiApp;
			productReference = 1C589668208E555C001A5D5D /* chasquiApp.app */;
			productType = "com.apple.product-type.application";
		};
/* End PBXNativeTarget section */

/* Begin PBXProject section */
		1C589660208E555C001A5D5D /* Project object */ = {
			isa = PBXProject;
			attributes = {
				LastSwiftUpdateCheck = 0920;
				LastUpgradeCheck = 0920;
				ORGANIZATIONNAME = "Gonzalo Toledo Aranguren";
				TargetAttributes = {
					1C589667208E555C001A5D5D = {
						CreatedOnToolsVersion = 9.2;
						ProvisioningStyle = Automatic;
						SystemCapabilities = {
							com.apple.Maps.iOS = {
								enabled = 1;
							};
						};
					};
				};
			};
			buildConfigurationList = 1C589663208E555C001A5D5D /* Build configuration list for PBXProject "chasquiApp" */;
			compatibilityVersion = "Xcode 8.0";
			developmentRegion = en;
			hasScannedForEncodings = 0;
			knownRegions = (
				en,
				Base,
			);
			mainGroup = 1C58965F208E555C001A5D5D;
			productRefGroup = 1C589669208E555C001A5D5D /* Products */;
			projectDirPath = "";
			projectRoot = "";
			targets = (
				1C589667208E555C001A5D5D /* chasquiApp */,
			);
		};
/* End PBXProject section */

/* Begin PBXResourcesBuildPhase section */
		1C589666208E555C001A5D5D /* Resources */ = {
			isa = PBXResourcesBuildPhase;
			buildActionMask = 2147483647;
			files = (
				1C3F676020C7283900304568 /* Launch Screen.storyboard in Resources */,
				1C3F676220C728FA00304568 /* icon.png in Resources */,
				1C3F676F20C742A600304568 /* signup.png in Resources */,
				1CD00F0920A33CAB00B893A5 /* Avenir Next.ttc in Resources */,
				1C3F676420C72B4300304568 /* loginPhoto.jpg in Resources */,
				1C589673208E555C001A5D5D /* Assets.xcassets in Resources */,
				1C3F675E20C7281200304568 /* Login.storyboard in Resources */,
				1C70C77E208E877A00F93CB7 /* GoogleService-Info.plist in Resources */,
			);
			runOnlyForDeploymentPostprocessing = 0;
		};
/* End PBXResourcesBuildPhase section */

/* Begin PBXShellScriptBuildPhase section */
		040A46E1B6BE4F768C338879 /* [CP] Check Pods Manifest.lock */ = {
			isa = PBXShellScriptBuildPhase;
			buildActionMask = 2147483647;
			files = (
			);
			inputPaths = (
				"${PODS_PODFILE_DIR_PATH}/Podfile.lock",
				"${PODS_ROOT}/Manifest.lock",
			);
			name = "[CP] Check Pods Manifest.lock";
			outputPaths = (
				"$(DERIVED_FILE_DIR)/Pods-chasquiApp-checkManifestLockResult.txt",
			);
			runOnlyForDeploymentPostprocessing = 0;
			shellPath = /bin/sh;
			shellScript = "diff \"${PODS_PODFILE_DIR_PATH}/Podfile.lock\" \"${PODS_ROOT}/Manifest.lock\" > /dev/null\nif [ $? != 0 ] ; then\n    # print error to STDERR\n    echo \"error: The sandbox is not in sync with the Podfile.lock. Run 'pod install' or update your CocoaPods installation.\" >&2\n    exit 1\nfi\n# This output is used by Xcode 'outputs' to avoid re-running this script phase.\necho \"SUCCESS\" > \"${SCRIPT_OUTPUT_FILE_0}\"\n";
			showEnvVarsInLog = 0;
		};
		E80C01DC9C70762B3C2BBD3A /* [CP] Embed Pods Frameworks */ = {
			isa = PBXShellScriptBuildPhase;
			buildActionMask = 2147483647;
			files = (
			);
			inputPaths = (
				"${SRCROOT}/Pods/Target Support Files/Pods-chasquiApp/Pods-chasquiApp-frameworks.sh",
				"${BUILT_PRODUCTS_DIR}/Alamofire/Alamofire.framework",
				"${BUILT_PRODUCTS_DIR}/Cosmos/Cosmos.framework",
				"${BUILT_PRODUCTS_DIR}/GTMSessionFetcher/GTMSessionFetcher.framework",
				"${BUILT_PRODUCTS_DIR}/GoogleToolboxForMac/GoogleToolboxForMac.framework",
				"${BUILT_PRODUCTS_DIR}/IGListKit/IGListKit.framework",
				"${BUILT_PRODUCTS_DIR}/IQKeyboardManagerSwift/IQKeyboardManagerSwift.framework",
				"${BUILT_PRODUCTS_DIR}/Protobuf/Protobuf.framework",
				"${BUILT_PRODUCTS_DIR}/SDWebImage/SDWebImage.framework",
				"${BUILT_PRODUCTS_DIR}/SnapKit/SnapKit.framework",
				"${BUILT_PRODUCTS_DIR}/Socket.IO-Client-Swift/SocketIO.framework",
				"${BUILT_PRODUCTS_DIR}/Starscream/Starscream.framework",
				"${BUILT_PRODUCTS_DIR}/SwiftyJSON/SwiftyJSON.framework",
				"${BUILT_PRODUCTS_DIR}/SwiftyTimer/SwiftyTimer.framework",
				"${BUILT_PRODUCTS_DIR}/SwiftyUserDefaults/SwiftyUserDefaults.framework",
				"${BUILT_PRODUCTS_DIR}/nanopb/nanopb.framework",
			);
			name = "[CP] Embed Pods Frameworks";
			outputPaths = (
				"${TARGET_BUILD_DIR}/${FRAMEWORKS_FOLDER_PATH}/Alamofire.framework",
				"${TARGET_BUILD_DIR}/${FRAMEWORKS_FOLDER_PATH}/Cosmos.framework",
				"${TARGET_BUILD_DIR}/${FRAMEWORKS_FOLDER_PATH}/GTMSessionFetcher.framework",
				"${TARGET_BUILD_DIR}/${FRAMEWORKS_FOLDER_PATH}/GoogleToolboxForMac.framework",
				"${TARGET_BUILD_DIR}/${FRAMEWORKS_FOLDER_PATH}/IGListKit.framework",
				"${TARGET_BUILD_DIR}/${FRAMEWORKS_FOLDER_PATH}/IQKeyboardManagerSwift.framework",
				"${TARGET_BUILD_DIR}/${FRAMEWORKS_FOLDER_PATH}/Protobuf.framework",
				"${TARGET_BUILD_DIR}/${FRAMEWORKS_FOLDER_PATH}/SDWebImage.framework",
				"${TARGET_BUILD_DIR}/${FRAMEWORKS_FOLDER_PATH}/SnapKit.framework",
				"${TARGET_BUILD_DIR}/${FRAMEWORKS_FOLDER_PATH}/SocketIO.framework",
				"${TARGET_BUILD_DIR}/${FRAMEWORKS_FOLDER_PATH}/Starscream.framework",
				"${TARGET_BUILD_DIR}/${FRAMEWORKS_FOLDER_PATH}/SwiftyJSON.framework",
				"${TARGET_BUILD_DIR}/${FRAMEWORKS_FOLDER_PATH}/SwiftyTimer.framework",
				"${TARGET_BUILD_DIR}/${FRAMEWORKS_FOLDER_PATH}/SwiftyUserDefaults.framework",
				"${TARGET_BUILD_DIR}/${FRAMEWORKS_FOLDER_PATH}/nanopb.framework",
			);
			runOnlyForDeploymentPostprocessing = 0;
			shellPath = /bin/sh;
			shellScript = "\"${SRCROOT}/Pods/Target Support Files/Pods-chasquiApp/Pods-chasquiApp-frameworks.sh\"\n";
			showEnvVarsInLog = 0;
		};
/* End PBXShellScriptBuildPhase section */

/* Begin PBXSourcesBuildPhase section */
		1C589664208E555C001A5D5D /* Sources */ = {
			isa = PBXSourcesBuildPhase;
			buildActionMask = 2147483647;
			files = (
				1C1B304C20F003DF0084360D /* MoreQuestionsController.swift in Sources */,
				1C1B304920F0013D0084360D /* AddQuestionController.swift in Sources */,
				1C7AA07F20E175460059C509 /* CommentSection.swift in Sources */,
				1C3F676720C73CF600304568 /* MapViewController.swift in Sources */,
				1C18E6C920E2E3DB0079C8D9 /* CommentsSectionController.swift in Sources */,
				1C8D000D20C9DBD60084A4BF /* TitleServiceSectionController.swift in Sources */,
				1C661ACB20B4CB6500D2F985 /* EmbeddedSectionController.swift in Sources */,
				1C7954C320F334A9008A7FEA /* MessageSectionController.swift in Sources */,
				1CC5DCCA208FEFFE00FF16B5 /* Globals.swift in Sources */,
				1C7A072A20CFEE7E0015D085 /* CategoryDetailSectionController.swift in Sources */,
				1C7AA07D20E152220059C509 /* CommentCell.swift in Sources */,
				1C2A65BF20A217F1002C4C4C /* Extensions.swift in Sources */,
				1C848A6420E4287E00C38011 /* QuestionCell.swift in Sources */,
				1C18200120C6F93100BA48C5 /* Place.swift in Sources */,
				1C2A65B920A1D9E2002C4C4C /* CustomTabBarController.swift in Sources */,
				1CD00F1020A395DD00B893A5 /* CategorySectionController.swift in Sources */,
				1C7AA07920E12BA50059C509 /* CommentsSectionController copy.swift in Sources */,
				1C18200A20C6FD0600BA48C5 /* NearCell.swift in Sources */,
				1C18E6C420E2D1190079C8D9 /* MiCuentaDetailViewController.swift in Sources */,
				1C7A072020CF287E0015D085 /* AdditionalInformation.swift in Sources */,
				1C2A65C420A23D9C002C4C4C /* Util.swift in Sources */,
				1CF3D567209CCDD700A2F896 /* GenericCell.swift in Sources */,
				1C3F676D20C7406100304568 /* SignUpViewController.swift in Sources */,
				1C848A6220E41E2A00C38011 /* Question.swift in Sources */,
				1C2A65C620A24622002C4C4C /* Category.swift in Sources */,
				1C58966C208E555C001A5D5D /* AppDelegate.swift in Sources */,
				1C18E6C620E2D2670079C8D9 /* User.swift in Sources */,
				1CDFAB3620CAE34F00665599 /* PhotoSectionController.swift in Sources */,
				1C7A072620CFE7BB0015D085 /* CategoryDetailController.swift in Sources */,
				1C7954C520F33577008A7FEA /* MessageCell.swift in Sources */,
				1C7A072D20CFEF410015D085 /* CategoryDetailCell.swift in Sources */,
				1CDFAB3B20CB110B00665599 /* TitleOfServiceCell.swift in Sources */,
				1C41589220B4A17A00FFB9D4 /* FeaturedServices.swift in Sources */,
				1C848A6620E4294900C38011 /* QuestionsSectionController.swift in Sources */,
				1C18200C20C6FD0F00BA48C5 /* RecentCell.swift in Sources */,
				1C661AC920B4C85C00D2F985 /* EmbeddedCollectionViewCell.swift in Sources */,
				1C7AA07B20E14A120059C509 /* Comment.swift in Sources */,
				1CD00F0D20A34DBC00B893A5 /* RemoteConfig.swift in Sources */,
				1CDFAB3920CAF7D800665599 /* ImageCell.swift in Sources */,
				1C7A073420D061920015D085 /* MoreInformationService.swift in Sources */,
				1CD00F1720A4FF1D00B893A5 /* Service.swift in Sources */,
				1C7954BE20F32DD4008A7FEA /* Message.swift in Sources */,
				1C18E6BF20E2C0490079C8D9 /* MakeACommentController.swift in Sources */,
				1C18200720C6FB8600BA48C5 /* RecentsSectionController.swift in Sources */,
				1C3F675B20C725D700304568 /* ServiceDetailViewController.swift in Sources */,
				1C7A072F20D0354D0015D085 /* MapButton.swift in Sources */,
				1C181FFF20C6F6BC00BA48C5 /* SearchViewController.swift in Sources */,
				1CDFAB3D20CB1DEA00665599 /* AdditionalInformationSectionController.swift in Sources */,
				1C2A65C220A21944002C4C4C /* ApiService.swift in Sources */,
				1C18E6C220E2D10C0079C8D9 /* MiCuentaViewController.swift in Sources */,
				1C7A072320CF46CF0015D085 /* LoginViewController.swift in Sources */,
				1C7954BB20F32409008A7FEA /* ChatViewController.swift in Sources */,
				1C41589020B47FAC00FFB9D4 /* Colors.swift in Sources */,
				1C7A073620D080CB0015D085 /* SignInViewController.swift in Sources */,
				1C18200520C6FB7000BA48C5 /* NearSectionController.swift in Sources */,
				1C18E6BB20E29BE60079C8D9 /* ServiceFooterView.swift in Sources */,
				1C18E6CC20E2EC840079C8D9 /* AddCommentController.swift in Sources */,
				1C661AC520B4C07700D2F985 /* CustomSearchBar.swift in Sources */,
				1CD00F0B20A33E6300B893A5 /* Fonts.swift in Sources */,
				1CD00F1520A4FEF900B893A5 /* ServiceCell.swift in Sources */,
				1CC5DCC7208FE65F00FF16B5 /* HomeController.swift in Sources */,
				1CD00F0620A3386F00B893A5 /* CategoryCell.swift in Sources */,
				1C7A073220D03FF20015D085 /* SeeInMapController.swift in Sources */,
				1CDFAB3F20CB1E3C00665599 /* InformationCell.swift in Sources */,
				1C41588E20B46BBE00FFB9D4 /* ServiceHeaderView.swift in Sources */,
				1C661AC720B4C82900D2F985 /* HorizontalSectionController.swift in Sources */,
				1C1B304E20F005FE0084360D /* QuestionsSectionControllerCopy.swift in Sources */,
				1C18200E20C6FD2300BA48C5 /* RecentsHeaderView.swift in Sources */,
				1C7954C720F35C95008A7FEA /* SendView.swift in Sources */,
				1C7954C020F33288008A7FEA /* Chat.swift in Sources */,
			);
			runOnlyForDeploymentPostprocessing = 0;
		};
/* End PBXSourcesBuildPhase section */

/* Begin XCBuildConfiguration section */
		1C589678208E555C001A5D5D /* Debug */ = {
			isa = XCBuildConfiguration;
			buildSettings = {
				ALWAYS_SEARCH_USER_PATHS = NO;
				CLANG_ANALYZER_NONNULL = YES;
				CLANG_ANALYZER_NUMBER_OBJECT_CONVERSION = YES_AGGRESSIVE;
				CLANG_CXX_LANGUAGE_STANDARD = "gnu++14";
				CLANG_CXX_LIBRARY = "libc++";
				CLANG_ENABLE_MODULES = YES;
				CLANG_ENABLE_OBJC_ARC = YES;
				CLANG_WARN_BLOCK_CAPTURE_AUTORELEASING = YES;
				CLANG_WARN_BOOL_CONVERSION = YES;
				CLANG_WARN_COMMA = YES;
				CLANG_WARN_CONSTANT_CONVERSION = YES;
				CLANG_WARN_DIRECT_OBJC_ISA_USAGE = YES_ERROR;
				CLANG_WARN_DOCUMENTATION_COMMENTS = YES;
				CLANG_WARN_EMPTY_BODY = YES;
				CLANG_WARN_ENUM_CONVERSION = YES;
				CLANG_WARN_INFINITE_RECURSION = YES;
				CLANG_WARN_INT_CONVERSION = YES;
				CLANG_WARN_NON_LITERAL_NULL_CONVERSION = YES;
				CLANG_WARN_OBJC_LITERAL_CONVERSION = YES;
				CLANG_WARN_OBJC_ROOT_CLASS = YES_ERROR;
				CLANG_WARN_RANGE_LOOP_ANALYSIS = YES;
				CLANG_WARN_STRICT_PROTOTYPES = YES;
				CLANG_WARN_SUSPICIOUS_MOVE = YES;
				CLANG_WARN_UNGUARDED_AVAILABILITY = YES_AGGRESSIVE;
				CLANG_WARN_UNREACHABLE_CODE = YES;
				CLANG_WARN__DUPLICATE_METHOD_MATCH = YES;
				CODE_SIGN_IDENTITY = "iPhone Developer";
				COPY_PHASE_STRIP = NO;
				DEBUG_INFORMATION_FORMAT = dwarf;
				ENABLE_STRICT_OBJC_MSGSEND = YES;
				ENABLE_TESTABILITY = YES;
				GCC_C_LANGUAGE_STANDARD = gnu11;
				GCC_DYNAMIC_NO_PIC = NO;
				GCC_NO_COMMON_BLOCKS = YES;
				GCC_OPTIMIZATION_LEVEL = 0;
				GCC_PREPROCESSOR_DEFINITIONS = (
					"DEBUG=1",
					"$(inherited)",
				);
				GCC_WARN_64_TO_32_BIT_CONVERSION = YES;
				GCC_WARN_ABOUT_RETURN_TYPE = YES_ERROR;
				GCC_WARN_UNDECLARED_SELECTOR = YES;
				GCC_WARN_UNINITIALIZED_AUTOS = YES_AGGRESSIVE;
				GCC_WARN_UNUSED_FUNCTION = YES;
				GCC_WARN_UNUSED_VARIABLE = YES;
				IPHONEOS_DEPLOYMENT_TARGET = 11.2;
				MTL_ENABLE_DEBUG_INFO = YES;
				ONLY_ACTIVE_ARCH = YES;
				SDKROOT = iphoneos;
				SWIFT_ACTIVE_COMPILATION_CONDITIONS = DEBUG;
				SWIFT_OPTIMIZATION_LEVEL = "-Onone";
			};
			name = Debug;
		};
		1C589679208E555C001A5D5D /* Release */ = {
			isa = XCBuildConfiguration;
			buildSettings = {
				ALWAYS_SEARCH_USER_PATHS = NO;
				CLANG_ANALYZER_NONNULL = YES;
				CLANG_ANALYZER_NUMBER_OBJECT_CONVERSION = YES_AGGRESSIVE;
				CLANG_CXX_LANGUAGE_STANDARD = "gnu++14";
				CLANG_CXX_LIBRARY = "libc++";
				CLANG_ENABLE_MODULES = YES;
				CLANG_ENABLE_OBJC_ARC = YES;
				CLANG_WARN_BLOCK_CAPTURE_AUTORELEASING = YES;
				CLANG_WARN_BOOL_CONVERSION = YES;
				CLANG_WARN_COMMA = YES;
				CLANG_WARN_CONSTANT_CONVERSION = YES;
				CLANG_WARN_DIRECT_OBJC_ISA_USAGE = YES_ERROR;
				CLANG_WARN_DOCUMENTATION_COMMENTS = YES;
				CLANG_WARN_EMPTY_BODY = YES;
				CLANG_WARN_ENUM_CONVERSION = YES;
				CLANG_WARN_INFINITE_RECURSION = YES;
				CLANG_WARN_INT_CONVERSION = YES;
				CLANG_WARN_NON_LITERAL_NULL_CONVERSION = YES;
				CLANG_WARN_OBJC_LITERAL_CONVERSION = YES;
				CLANG_WARN_OBJC_ROOT_CLASS = YES_ERROR;
				CLANG_WARN_RANGE_LOOP_ANALYSIS = YES;
				CLANG_WARN_STRICT_PROTOTYPES = YES;
				CLANG_WARN_SUSPICIOUS_MOVE = YES;
				CLANG_WARN_UNGUARDED_AVAILABILITY = YES_AGGRESSIVE;
				CLANG_WARN_UNREACHABLE_CODE = YES;
				CLANG_WARN__DUPLICATE_METHOD_MATCH = YES;
				CODE_SIGN_IDENTITY = "iPhone Developer";
				COPY_PHASE_STRIP = NO;
				DEBUG_INFORMATION_FORMAT = "dwarf-with-dsym";
				ENABLE_NS_ASSERTIONS = NO;
				ENABLE_STRICT_OBJC_MSGSEND = YES;
				GCC_C_LANGUAGE_STANDARD = gnu11;
				GCC_NO_COMMON_BLOCKS = YES;
				GCC_WARN_64_TO_32_BIT_CONVERSION = YES;
				GCC_WARN_ABOUT_RETURN_TYPE = YES_ERROR;
				GCC_WARN_UNDECLARED_SELECTOR = YES;
				GCC_WARN_UNINITIALIZED_AUTOS = YES_AGGRESSIVE;
				GCC_WARN_UNUSED_FUNCTION = YES;
				GCC_WARN_UNUSED_VARIABLE = YES;
				IPHONEOS_DEPLOYMENT_TARGET = 11.2;
				MTL_ENABLE_DEBUG_INFO = NO;
				SDKROOT = iphoneos;
				SWIFT_OPTIMIZATION_LEVEL = "-Owholemodule";
				VALIDATE_PRODUCT = YES;
			};
			name = Release;
		};
		1C58967B208E555C001A5D5D /* Debug */ = {
			isa = XCBuildConfiguration;
			baseConfigurationReference = 21376E2EADDFE1ED10C892BA /* Pods-chasquiApp.debug.xcconfig */;
			buildSettings = {
				ASSETCATALOG_COMPILER_APPICON_NAME = AppIcon;
				CODE_SIGN_STYLE = Automatic;
				DEVELOPMENT_TEAM = 53T27AM783;
				INFOPLIST_FILE = chasquiApp/Info.plist;
				IPHONEOS_DEPLOYMENT_TARGET = 11.0;
				LD_RUNPATH_SEARCH_PATHS = "$(inherited) @executable_path/Frameworks";
				PRODUCT_BUNDLE_IDENTIFIER = gonzalotoledo.university.chasquiApp;
				PRODUCT_NAME = "$(TARGET_NAME)";
				SWIFT_VERSION = 4.0;
				TARGETED_DEVICE_FAMILY = "1,2";
			};
			name = Debug;
		};
		1C58967C208E555C001A5D5D /* Release */ = {
			isa = XCBuildConfiguration;
			baseConfigurationReference = F50A73F7A12A54DC60C2A900 /* Pods-chasquiApp.release.xcconfig */;
			buildSettings = {
				ASSETCATALOG_COMPILER_APPICON_NAME = AppIcon;
				CODE_SIGN_STYLE = Automatic;
				DEVELOPMENT_TEAM = 53T27AM783;
				INFOPLIST_FILE = chasquiApp/Info.plist;
				IPHONEOS_DEPLOYMENT_TARGET = 11.0;
				LD_RUNPATH_SEARCH_PATHS = "$(inherited) @executable_path/Frameworks";
				PRODUCT_BUNDLE_IDENTIFIER = gonzalotoledo.university.chasquiApp;
				PRODUCT_NAME = "$(TARGET_NAME)";
				SWIFT_VERSION = 4.0;
				TARGETED_DEVICE_FAMILY = "1,2";
			};
			name = Release;
		};
/* End XCBuildConfiguration section */

/* Begin XCConfigurationList section */
		1C589663208E555C001A5D5D /* Build configuration list for PBXProject "chasquiApp" */ = {
			isa = XCConfigurationList;
			buildConfigurations = (
				1C589678208E555C001A5D5D /* Debug */,
				1C589679208E555C001A5D5D /* Release */,
			);
			defaultConfigurationIsVisible = 0;
			defaultConfigurationName = Release;
		};
		1C58967A208E555C001A5D5D /* Build configuration list for PBXNativeTarget "chasquiApp" */ = {
			isa = XCConfigurationList;
			buildConfigurations = (
				1C58967B208E555C001A5D5D /* Debug */,
				1C58967C208E555C001A5D5D /* Release */,
			);
			defaultConfigurationIsVisible = 0;
			defaultConfigurationName = Release;
		};
/* End XCConfigurationList section */
	};
	rootObject = 1C589660208E555C001A5D5D /* Project object */;
}
